// !$*UTF8*$!
{
	archiveVersion = 1;
	classes = {
	};
	objectVersion = 48;
	objects = {

/* Begin PBXBuildFile section */
		C204B2601FE2A42B007112F1 /* ZZFLEXAngel.m in Sources */ = {isa = PBXBuildFile; fileRef = C204B25F1FE2A42B007112F1 /* ZZFLEXAngel.m */; };
		C2268CA41FCC3CFF00C98EA7 /* ZZFlexibleLayoutViewController.m in Sources */ = {isa = PBXBuildFile; fileRef = C2268C6B1FCC3CFF00C98EA7 /* ZZFlexibleLayoutViewController.m */; };
		C2268CAC1FCC3CFF00C98EA7 /* ZZFlexibleLayoutFlowLayout.m in Sources */ = {isa = PBXBuildFile; fileRef = C2268C7F1FCC3CFF00C98EA7 /* ZZFlexibleLayoutFlowLayout.m */; };
		C2268CAE1FCC3CFF00C98EA7 /* ZZFlexibleLayoutViewController+Kernel.m in Sources */ = {isa = PBXBuildFile; fileRef = C2268C811FCC3CFF00C98EA7 /* ZZFlexibleLayoutViewController+Kernel.m */; };
		C2268CCB1FCC3F3500C98EA7 /* ZZFLEXEditModel.m in Sources */ = {isa = PBXBuildFile; fileRef = C2268CC61FCC3F3500C98EA7 /* ZZFLEXEditModel.m */; };
		C2268CCC1FCC3F3500C98EA7 /* ZZFlexibleLayoutViewController+EditExtension.m in Sources */ = {isa = PBXBuildFile; fileRef = C2268CC71FCC3F3500C98EA7 /* ZZFlexibleLayoutViewController+EditExtension.m */; };
		C2268CD21FCC3FDF00C98EA7 /* ZZFLEXRequestModel.m in Sources */ = {isa = PBXBuildFile; fileRef = C2268CCE1FCC3FDF00C98EA7 /* ZZFLEXRequestModel.m */; };
		C2268CD31FCC3FDF00C98EA7 /* ZZFLEXRequestQueue.m in Sources */ = {isa = PBXBuildFile; fileRef = C2268CCF1FCC3FDF00C98EA7 /* ZZFLEXRequestQueue.m */; };
		C2268CEC1FCC3FF500C98EA7 /* UIView+ZZFLEX.m in Sources */ = {isa = PBXBuildFile; fileRef = C2268CD51FCC3FF500C98EA7 /* UIView+ZZFLEX.m */; };
		C2268CED1FCC3FF500C98EA7 /* ZZLabelChainModel.m in Sources */ = {isa = PBXBuildFile; fileRef = C2268CD91FCC3FF500C98EA7 /* ZZLabelChainModel.m */; };
		C2268CEE1FCC3FF500C98EA7 /* ZZCollectionViewChainModel.m in Sources */ = {isa = PBXBuildFile; fileRef = C2268CDA1FCC3FF500C98EA7 /* ZZCollectionViewChainModel.m */; };
		C2268CEF1FCC3FF500C98EA7 /* ZZTableViewChainModel.m in Sources */ = {isa = PBXBuildFile; fileRef = C2268CDF1FCC3FF500C98EA7 /* ZZTableViewChainModel.m */; };
		C2268CF01FCC3FF500C98EA7 /* ZZButtonChainModel.m in Sources */ = {isa = PBXBuildFile; fileRef = C2268CE31FCC3FF500C98EA7 /* ZZButtonChainModel.m */; };
		C2268CF11FCC3FF500C98EA7 /* ZZViewChainModel.m in Sources */ = {isa = PBXBuildFile; fileRef = C2268CE51FCC3FF500C98EA7 /* ZZViewChainModel.m */; };
		C2268CF21FCC3FF500C98EA7 /* ZZScrollViewChainModel.m in Sources */ = {isa = PBXBuildFile; fileRef = C2268CE61FCC3FF500C98EA7 /* ZZScrollViewChainModel.m */; };
		C2268CF31FCC3FF500C98EA7 /* ZZImageViewChainModel.m in Sources */ = {isa = PBXBuildFile; fileRef = C2268CE71FCC3FF500C98EA7 /* ZZImageViewChainModel.m */; };
		C2268CF41FCC3FF500C98EA7 /* ZZControlChainModel.m in Sources */ = {isa = PBXBuildFile; fileRef = C2268CE81FCC3FF500C98EA7 /* ZZControlChainModel.m */; };
		C2268CF51FCC3FF500C98EA7 /* ZZSwitchChainModel.m in Sources */ = {isa = PBXBuildFile; fileRef = C2268CEA1FCC3FF500C98EA7 /* ZZSwitchChainModel.m */; };
		C2268CF61FCC3FF500C98EA7 /* ZZBaseViewChainModel.m in Sources */ = {isa = PBXBuildFile; fileRef = C2268CEB1FCC3FF500C98EA7 /* ZZBaseViewChainModel.m */; };
		C2268CFD1FCC40AE00C98EA7 /* UIControl+ZZEvent.m in Sources */ = {isa = PBXBuildFile; fileRef = C2268CFC1FCC40AE00C98EA7 /* UIControl+ZZEvent.m */; };
		C2268D001FCC413800C98EA7 /* UIView+ZZFrame.m in Sources */ = {isa = PBXBuildFile; fileRef = C2268CFF1FCC413800C98EA7 /* UIView+ZZFrame.m */; };
		C2268D031FCC439A00C98EA7 /* UIButton+ZZExtension.m in Sources */ = {isa = PBXBuildFile; fileRef = C2268D021FCC439A00C98EA7 /* UIButton+ZZExtension.m */; };
		C2351DC91FDBC2A400CFDE5B /* ZZTextFieldChainModel.m in Sources */ = {isa = PBXBuildFile; fileRef = C2351DC81FDBC2A400CFDE5B /* ZZTextFieldChainModel.m */; };
		C26311F71FE8AF460022B2F8 /* ZZFLEXTableViewEmptyCell.m in Sources */ = {isa = PBXBuildFile; fileRef = C26311F61FE8AF460022B2F8 /* ZZFLEXTableViewEmptyCell.m */; };
		C26311FF1FE8B50D0022B2F8 /* ZZFLEXAngel+UICollectionView.m in Sources */ = {isa = PBXBuildFile; fileRef = C26311FB1FE8B50D0022B2F8 /* ZZFLEXAngel+UICollectionView.m */; };
		C26312001FE8B50D0022B2F8 /* ZZFLEXAngel+Private.m in Sources */ = {isa = PBXBuildFile; fileRef = C26311FC1FE8B50D0022B2F8 /* ZZFLEXAngel+Private.m */; };
		C26312011FE8B50D0022B2F8 /* ZZFLEXAngel+UITableView.m in Sources */ = {isa = PBXBuildFile; fileRef = C26311FD1FE8B50D0022B2F8 /* ZZFLEXAngel+UITableView.m */; };
		C26312071FE8B5CC0022B2F8 /* ZZFlexibleLayoutSectionModel.m in Sources */ = {isa = PBXBuildFile; fileRef = C26312051FE8B5CC0022B2F8 /* ZZFlexibleLayoutSectionModel.m */; };
		C26312081FE8B5CC0022B2F8 /* ZZFlexibleLayoutViewModel.m in Sources */ = {isa = PBXBuildFile; fileRef = C26312061FE8B5CC0022B2F8 /* ZZFlexibleLayoutViewModel.m */; };
		C263120D1FE8B5ED0022B2F8 /* ZZFlexibleLayoutEmptyHeaderFooterView.m in Sources */ = {isa = PBXBuildFile; fileRef = C26312091FE8B5EC0022B2F8 /* ZZFlexibleLayoutEmptyHeaderFooterView.m */; };
		C263120E1FE8B5ED0022B2F8 /* ZZFlexibleLayoutSeperatorCell.m in Sources */ = {isa = PBXBuildFile; fileRef = C263120A1FE8B5ED0022B2F8 /* ZZFlexibleLayoutSeperatorCell.m */; };
		C263122F1FE8B62A0022B2F8 /* ZZFLEXChainCellEditModel.m in Sources */ = {isa = PBXBuildFile; fileRef = C26312231FE8B62A0022B2F8 /* ZZFLEXChainCellEditModel.m */; };
		C26312301FE8B62A0022B2F8 /* ZZFLEXChainSectionModel.m in Sources */ = {isa = PBXBuildFile; fileRef = C26312241FE8B62A0022B2F8 /* ZZFLEXChainSectionModel.m */; };
		C26312311FE8B62A0022B2F8 /* ZZFLEXChainViewArrayModel.m in Sources */ = {isa = PBXBuildFile; fileRef = C26312271FE8B62A0022B2F8 /* ZZFLEXChainViewArrayModel.m */; };
		C26312321FE8B62A0022B2F8 /* ZZFLEXChainAllCellsEditModel.m in Sources */ = {isa = PBXBuildFile; fileRef = C26312281FE8B62A0022B2F8 /* ZZFLEXChainAllCellsEditModel.m */; };
		C26312331FE8B62A0022B2F8 /* ZZFLEXChainDataModel.m in Sources */ = {isa = PBXBuildFile; fileRef = C263122A1FE8B62A0022B2F8 /* ZZFLEXChainDataModel.m */; };
		C26312341FE8B62A0022B2F8 /* ZZFLEXChainViewModel.m in Sources */ = {isa = PBXBuildFile; fileRef = C263122E1FE8B62A0022B2F8 /* ZZFLEXChainViewModel.m */; };
		C26312391FE8BB360022B2F8 /* ZZFDCateModel.m in Sources */ = {isa = PBXBuildFile; fileRef = C26312381FE8BB360022B2F8 /* ZZFDCateModel.m */; };
		C263123C1FE8E7230022B2F8 /* ZZFDCateSectionView.m in Sources */ = {isa = PBXBuildFile; fileRef = C263123B1FE8E7230022B2F8 /* ZZFDCateSectionView.m */; };
		C263123F1FE8E9990022B2F8 /* ZZFDCateSectionItemCell.m in Sources */ = {isa = PBXBuildFile; fileRef = C263123E1FE8E9990022B2F8 /* ZZFDCateSectionItemCell.m */; };
		C27E9F4D1FCE609C0062C896 /* ZZFDGoodDetailViewController.m in Sources */ = {isa = PBXBuildFile; fileRef = C27E9F411FCE609C0062C896 /* ZZFDGoodDetailViewController.m */; };
		C27E9F4E1FCE609C0062C896 /* ZZFDGoodListModel.m in Sources */ = {isa = PBXBuildFile; fileRef = C27E9F471FCE609C0062C896 /* ZZFDGoodListModel.m */; };
		C27E9F4F1FCE609C0062C896 /* ZZFDGoodListViewController.m in Sources */ = {isa = PBXBuildFile; fileRef = C27E9F481FCE609C0062C896 /* ZZFDGoodListViewController.m */; };
		C27E9F501FCE609C0062C896 /* ZZFDGoodListCell.m in Sources */ = {isa = PBXBuildFile; fileRef = C27E9F4B1FCE609C0062C896 /* ZZFDGoodListCell.m */; };
		C27E9F581FCE60E70062C896 /* TLMineViewController.m in Sources */ = {isa = PBXBuildFile; fileRef = C27E9F521FCE60E70062C896 /* TLMineViewController.m */; };
		C27E9F5A1FCE60E70062C896 /* TLMineHeaderCell.m in Sources */ = {isa = PBXBuildFile; fileRef = C27E9F561FCE60E70062C896 /* TLMineHeaderCell.m */; };
		C27E9F651FCE61580062C896 /* TLMenuItem.m in Sources */ = {isa = PBXBuildFile; fileRef = C27E9F641FCE61580062C896 /* TLMenuItem.m */; };
		C27E9F681FCE615F0062C896 /* TLMenuItemCell.m in Sources */ = {isa = PBXBuildFile; fileRef = C27E9F671FCE615F0062C896 /* TLMenuItemCell.m */; };
		C27E9F6B1FCE61840062C896 /* TLUser.m in Sources */ = {isa = PBXBuildFile; fileRef = C27E9F691FCE61840062C896 /* TLUser.m */; };
		C27E9F6E1FCE61DF0062C896 /* TLBadge.m in Sources */ = {isa = PBXBuildFile; fileRef = C27E9F6D1FCE61DF0062C896 /* TLBadge.m */; };
		C27E9F721FCE63B40062C896 /* UIColor+ZZFD.m in Sources */ = {isa = PBXBuildFile; fileRef = C27E9F711FCE63B40062C896 /* UIColor+ZZFD.m */; };
		C27E9F751FCE64C20062C896 /* Mine.xcassets in Resources */ = {isa = PBXBuildFile; fileRef = C27E9F741FCE64C20062C896 /* Mine.xcassets */; };
		C27E9F781FCE84E40062C896 /* ZZGood.xcassets in Resources */ = {isa = PBXBuildFile; fileRef = C27E9F771FCE84E40062C896 /* ZZGood.xcassets */; };
		C282D0AC1FEA0C0700559705 /* ZZFDGoodTitleCell.m in Sources */ = {isa = PBXBuildFile; fileRef = C282D0A71FEA0C0700559705 /* ZZFDGoodTitleCell.m */; };
		C282D0AD1FEA0C0700559705 /* ZZFDGoodPriceCell.m in Sources */ = {isa = PBXBuildFile; fileRef = C282D0A81FEA0C0700559705 /* ZZFDGoodPriceCell.m */; };
		C282D0AE1FEA0C0700559705 /* ZZFDGoodReadCell.m in Sources */ = {isa = PBXBuildFile; fileRef = C282D0A91FEA0C0700559705 /* ZZFDGoodReadCell.m */; };
		C282D0AF1FEA0C0700559705 /* ZZFDGoodAreaCell.m in Sources */ = {isa = PBXBuildFile; fileRef = C282D0AB1FEA0C0700559705 /* ZZFDGoodAreaCell.m */; };
		C282D0B61FEA0E0A00559705 /* ZZFDGoodSectionTitleCell.m in Sources */ = {isa = PBXBuildFile; fileRef = C282D0B51FEA0E0A00559705 /* ZZFDGoodSectionTitleCell.m */; };
		C282D0B91FEA0E1600559705 /* ZZFDGoodDetailCell.m in Sources */ = {isa = PBXBuildFile; fileRef = C282D0B81FEA0E1600559705 /* ZZFDGoodDetailCell.m */; };
		C282D0BC1FEA14AD00559705 /* ZZFDGoodParamCell.m in Sources */ = {isa = PBXBuildFile; fileRef = C282D0BB1FEA14AD00559705 /* ZZFDGoodParamCell.m */; };
		C282D0BF1FEA1BBE00559705 /* ZZFDGoodBigImageCell.m in Sources */ = {isa = PBXBuildFile; fileRef = C282D0BE1FEA1BBE00559705 /* ZZFDGoodBigImageCell.m */; };
		C282D0C21FEA1BCB00559705 /* ZZFDGoodSmallImageCell.m in Sources */ = {isa = PBXBuildFile; fileRef = C282D0C11FEA1BCB00559705 /* ZZFDGoodSmallImageCell.m */; };
		C282D0C51FEA281000559705 /* ZZFDImageMoreCell.m in Sources */ = {isa = PBXBuildFile; fileRef = C282D0C41FEA281000559705 /* ZZFDImageMoreCell.m */; };
		C282D0C91FEA2B2600559705 /* ZZFDGoodUserCell.m in Sources */ = {isa = PBXBuildFile; fileRef = C282D0C81FEA2B2600559705 /* ZZFDGoodUserCell.m */; };
		C282D0CD1FEA3AA600559705 /* ZZFDGoodCommitEmptyCell.m in Sources */ = {isa = PBXBuildFile; fileRef = C282D0CC1FEA3AA600559705 /* ZZFDGoodCommitEmptyCell.m */; };
		C282D0D41FEA3F5F00559705 /* ZZFDGoodRecCell.m in Sources */ = {isa = PBXBuildFile; fileRef = C282D0D31FEA3F5F00559705 /* ZZFDGoodRecCell.m */; };
		C282D0D71FEA3FE900559705 /* ZZFDGoodTitleView.m in Sources */ = {isa = PBXBuildFile; fileRef = C282D0D61FEA3FE900559705 /* ZZFDGoodTitleView.m */; };
		C282D1061FEA5D8F00559705 /* ZZFDGoodCommitInputCell.m in Sources */ = {isa = PBXBuildFile; fileRef = C282D1051FEA5D8F00559705 /* ZZFDGoodCommitInputCell.m */; };
		C282D1091FEA5D9A00559705 /* ZZFDGoodCommitCell.m in Sources */ = {isa = PBXBuildFile; fileRef = C282D1081FEA5D9A00559705 /* ZZFDGoodCommitCell.m */; };
		C2863A921FCCFB76008BC3C0 /* Assets.xcassets in Resources */ = {isa = PBXBuildFile; fileRef = C2863A8E1FCCFB76008BC3C0 /* Assets.xcassets */; };
		C2863A931FCCFB76008BC3C0 /* main.m in Sources */ = {isa = PBXBuildFile; fileRef = C2863A8F1FCCFB76008BC3C0 /* main.m */; };
		C2863A941FCCFB76008BC3C0 /* ZZFDAppDelegate.m in Sources */ = {isa = PBXBuildFile; fileRef = C2863A901FCCFB76008BC3C0 /* ZZFDAppDelegate.m */; };
		C2863A9B1FCCFBA7008BC3C0 /* LaunchScreen.storyboard in Resources */ = {isa = PBXBuildFile; fileRef = C2863A991FCCFBA7008BC3C0 /* LaunchScreen.storyboard */; };
		C2863A9E1FCCFD52008BC3C0 /* ZZFDMainViewController.m in Sources */ = {isa = PBXBuildFile; fileRef = C2863A9D1FCCFD52008BC3C0 /* ZZFDMainViewController.m */; };
		C2863AA61FCD022B008BC3C0 /* ZZFDMainMenuCell.m in Sources */ = {isa = PBXBuildFile; fileRef = C2863AA51FCD022B008BC3C0 /* ZZFDMainMenuCell.m */; };
		C29D37141FE7AFBA007236D8 /* ZZFDCateViewController.m in Sources */ = {isa = PBXBuildFile; fileRef = C29D37131FE7AFBA007236D8 /* ZZFDCateViewController.m */; };
		C29D37171FE7B381007236D8 /* ZZFDCateMenuCell.m in Sources */ = {isa = PBXBuildFile; fileRef = C29D37161FE7B381007236D8 /* ZZFDCateMenuCell.m */; };
		C2AC73311FE516DA00DABA11 /* ZZFDMainTitleView.m in Sources */ = {isa = PBXBuildFile; fileRef = C2AC73301FE516DA00DABA11 /* ZZFDMainTitleView.m */; };
		C2AC73341FE51B2D00DABA11 /* ZZFDMainIntroduceCell.m in Sources */ = {isa = PBXBuildFile; fileRef = C2AC73331FE51B2D00DABA11 /* ZZFDMainIntroduceCell.m */; };
		C2AC73371FE51FD400DABA11 /* ZZFDMainSectionTitleView.m in Sources */ = {isa = PBXBuildFile; fileRef = C2AC73361FE51FD400DABA11 /* ZZFDMainSectionTitleView.m */; };
		C2F8C83B1FDE6A1E0007B564 /* ZZFlexibleLayoutViewController+OldAPI.m in Sources */ = {isa = PBXBuildFile; fileRef = C2F8C83A1FDE6A1E0007B564 /* ZZFlexibleLayoutViewController+OldAPI.m */; };
		C4CA8820EC31BF20D47A333A /* libPods-ZZFLEXDemo.a in Frameworks */ = {isa = PBXBuildFile; fileRef = 6E3B3E00F40C25E980C181EA /* libPods-ZZFLEXDemo.a */; };
/* End PBXBuildFile section */

/* Begin PBXFileReference section */
		6E3B3E00F40C25E980C181EA /* libPods-ZZFLEXDemo.a */ = {isa = PBXFileReference; explicitFileType = archive.ar; includeInIndex = 0; path = "libPods-ZZFLEXDemo.a"; sourceTree = BUILT_PRODUCTS_DIR; };
		90A4ADBAF45856FF582ACE2C /* Pods-ZZFLEXDemo.release.xcconfig */ = {isa = PBXFileReference; includeInIndex = 1; lastKnownFileType = text.xcconfig; name = "Pods-ZZFLEXDemo.release.xcconfig"; path = "Pods/Target Support Files/Pods-ZZFLEXDemo/Pods-ZZFLEXDemo.release.xcconfig"; sourceTree = "<group>"; };
		9440C1BF2DD4CF4BDDF729E6 /* Pods-ZZFLEXDemo.debug.xcconfig */ = {isa = PBXFileReference; includeInIndex = 1; lastKnownFileType = text.xcconfig; name = "Pods-ZZFLEXDemo.debug.xcconfig"; path = "Pods/Target Support Files/Pods-ZZFLEXDemo/Pods-ZZFLEXDemo.debug.xcconfig"; sourceTree = "<group>"; };
		C204B25E1FE2A42B007112F1 /* ZZFLEXAngel.h */ = {isa = PBXFileReference; lastKnownFileType = sourcecode.c.h; path = ZZFLEXAngel.h; sourceTree = "<group>"; };
		C204B25F1FE2A42B007112F1 /* ZZFLEXAngel.m */ = {isa = PBXFileReference; lastKnownFileType = sourcecode.c.objc; path = ZZFLEXAngel.m; sourceTree = "<group>"; };
		C2268C681FCC3CFF00C98EA7 /* ZZFlexibleLayoutFramework.h */ = {isa = PBXFileReference; fileEncoding = 4; lastKnownFileType = sourcecode.c.h; path = ZZFlexibleLayoutFramework.h; sourceTree = "<group>"; };
		C2268C6B1FCC3CFF00C98EA7 /* ZZFlexibleLayoutViewController.m */ = {isa = PBXFileReference; fileEncoding = 4; lastKnownFileType = sourcecode.c.objc; path = ZZFlexibleLayoutViewController.m; sourceTree = "<group>"; };
		C2268C7A1FCC3CFF00C98EA7 /* ZZFlexibleLayoutFlowLayout.h */ = {isa = PBXFileReference; fileEncoding = 4; lastKnownFileType = sourcecode.c.h; path = ZZFlexibleLayoutFlowLayout.h; sourceTree = "<group>"; };
		C2268C7D1FCC3CFF00C98EA7 /* ZZFlexibleLayoutViewController+Kernel.h */ = {isa = PBXFileReference; fileEncoding = 4; lastKnownFileType = sourcecode.c.h; path = "ZZFlexibleLayoutViewController+Kernel.h"; sourceTree = "<group>"; };
		C2268C7F1FCC3CFF00C98EA7 /* ZZFlexibleLayoutFlowLayout.m */ = {isa = PBXFileReference; fileEncoding = 4; lastKnownFileType = sourcecode.c.objc; path = ZZFlexibleLayoutFlowLayout.m; sourceTree = "<group>"; };
		C2268C811FCC3CFF00C98EA7 /* ZZFlexibleLayoutViewController+Kernel.m */ = {isa = PBXFileReference; fileEncoding = 4; lastKnownFileType = sourcecode.c.objc; path = "ZZFlexibleLayoutViewController+Kernel.m"; sourceTree = "<group>"; };
		C2268C841FCC3CFF00C98EA7 /* ZZFlexibleLayoutViewController.h */ = {isa = PBXFileReference; fileEncoding = 4; lastKnownFileType = sourcecode.c.h; path = ZZFlexibleLayoutViewController.h; sourceTree = "<group>"; };
		C2268CC61FCC3F3500C98EA7 /* ZZFLEXEditModel.m */ = {isa = PBXFileReference; fileEncoding = 4; lastKnownFileType = sourcecode.c.objc; path = ZZFLEXEditModel.m; sourceTree = "<group>"; };
		C2268CC71FCC3F3500C98EA7 /* ZZFlexibleLayoutViewController+EditExtension.m */ = {isa = PBXFileReference; fileEncoding = 4; lastKnownFileType = sourcecode.c.objc; path = "ZZFlexibleLayoutViewController+EditExtension.m"; sourceTree = "<group>"; };
		C2268CC81FCC3F3500C98EA7 /* ZZFLEXEditModelProtocol.h */ = {isa = PBXFileReference; fileEncoding = 4; lastKnownFileType = sourcecode.c.h; path = ZZFLEXEditModelProtocol.h; sourceTree = "<group>"; };
		C2268CC91FCC3F3500C98EA7 /* ZZFLEXEditModel.h */ = {isa = PBXFileReference; fileEncoding = 4; lastKnownFileType = sourcecode.c.h; path = ZZFLEXEditModel.h; sourceTree = "<group>"; };
		C2268CCA1FCC3F3500C98EA7 /* ZZFlexibleLayoutViewController+EditExtension.h */ = {isa = PBXFileReference; fileEncoding = 4; lastKnownFileType = sourcecode.c.h; path = "ZZFlexibleLayoutViewController+EditExtension.h"; sourceTree = "<group>"; };
		C2268CCE1FCC3FDF00C98EA7 /* ZZFLEXRequestModel.m */ = {isa = PBXFileReference; fileEncoding = 4; lastKnownFileType = sourcecode.c.objc; path = ZZFLEXRequestModel.m; sourceTree = "<group>"; };
		C2268CCF1FCC3FDF00C98EA7 /* ZZFLEXRequestQueue.m */ = {isa = PBXFileReference; fileEncoding = 4; lastKnownFileType = sourcecode.c.objc; path = ZZFLEXRequestQueue.m; sourceTree = "<group>"; };
		C2268CD01FCC3FDF00C98EA7 /* ZZFLEXRequestModel.h */ = {isa = PBXFileReference; fileEncoding = 4; lastKnownFileType = sourcecode.c.h; path = ZZFLEXRequestModel.h; sourceTree = "<group>"; };
		C2268CD11FCC3FDF00C98EA7 /* ZZFLEXRequestQueue.h */ = {isa = PBXFileReference; fileEncoding = 4; lastKnownFileType = sourcecode.c.h; path = ZZFLEXRequestQueue.h; sourceTree = "<group>"; };
		C2268CD51FCC3FF500C98EA7 /* UIView+ZZFLEX.m */ = {isa = PBXFileReference; fileEncoding = 4; lastKnownFileType = sourcecode.c.objc; path = "UIView+ZZFLEX.m"; sourceTree = "<group>"; };
		C2268CD61FCC3FF500C98EA7 /* UIView+ZZFLEX.h */ = {isa = PBXFileReference; fileEncoding = 4; lastKnownFileType = sourcecode.c.h; path = "UIView+ZZFLEX.h"; sourceTree = "<group>"; };
		C2268CD81FCC3FF500C98EA7 /* ZZButtonChainModel.h */ = {isa = PBXFileReference; fileEncoding = 4; lastKnownFileType = sourcecode.c.h; path = ZZButtonChainModel.h; sourceTree = "<group>"; };
		C2268CD91FCC3FF500C98EA7 /* ZZLabelChainModel.m */ = {isa = PBXFileReference; fileEncoding = 4; lastKnownFileType = sourcecode.c.objc; path = ZZLabelChainModel.m; sourceTree = "<group>"; };
		C2268CDA1FCC3FF500C98EA7 /* ZZCollectionViewChainModel.m */ = {isa = PBXFileReference; fileEncoding = 4; lastKnownFileType = sourcecode.c.objc; path = ZZCollectionViewChainModel.m; sourceTree = "<group>"; };
		C2268CDB1FCC3FF500C98EA7 /* ZZControlChainModel.h */ = {isa = PBXFileReference; fileEncoding = 4; lastKnownFileType = sourcecode.c.h; path = ZZControlChainModel.h; sourceTree = "<group>"; };
		C2268CDC1FCC3FF500C98EA7 /* ZZImageViewChainModel.h */ = {isa = PBXFileReference; fileEncoding = 4; lastKnownFileType = sourcecode.c.h; path = ZZImageViewChainModel.h; sourceTree = "<group>"; };
		C2268CDD1FCC3FF500C98EA7 /* ZZScrollViewChainModel.h */ = {isa = PBXFileReference; fileEncoding = 4; lastKnownFileType = sourcecode.c.h; path = ZZScrollViewChainModel.h; sourceTree = "<group>"; };
		C2268CDE1FCC3FF500C98EA7 /* ZZViewChainModel.h */ = {isa = PBXFileReference; fileEncoding = 4; lastKnownFileType = sourcecode.c.h; path = ZZViewChainModel.h; sourceTree = "<group>"; };
		C2268CDF1FCC3FF500C98EA7 /* ZZTableViewChainModel.m */ = {isa = PBXFileReference; fileEncoding = 4; lastKnownFileType = sourcecode.c.objc; path = ZZTableViewChainModel.m; sourceTree = "<group>"; };
		C2268CE01FCC3FF500C98EA7 /* ZZSwitchChainModel.h */ = {isa = PBXFileReference; fileEncoding = 4; lastKnownFileType = sourcecode.c.h; path = ZZSwitchChainModel.h; sourceTree = "<group>"; };
		C2268CE11FCC3FF500C98EA7 /* ZZBaseViewChainModel.h */ = {isa = PBXFileReference; fileEncoding = 4; lastKnownFileType = sourcecode.c.h; path = ZZBaseViewChainModel.h; sourceTree = "<group>"; };
		C2268CE21FCC3FF500C98EA7 /* ZZCollectionViewChainModel.h */ = {isa = PBXFileReference; fileEncoding = 4; lastKnownFileType = sourcecode.c.h; path = ZZCollectionViewChainModel.h; sourceTree = "<group>"; };
		C2268CE31FCC3FF500C98EA7 /* ZZButtonChainModel.m */ = {isa = PBXFileReference; fileEncoding = 4; lastKnownFileType = sourcecode.c.objc; path = ZZButtonChainModel.m; sourceTree = "<group>"; };
		C2268CE41FCC3FF500C98EA7 /* ZZLabelChainModel.h */ = {isa = PBXFileReference; fileEncoding = 4; lastKnownFileType = sourcecode.c.h; path = ZZLabelChainModel.h; sourceTree = "<group>"; };
		C2268CE51FCC3FF500C98EA7 /* ZZViewChainModel.m */ = {isa = PBXFileReference; fileEncoding = 4; lastKnownFileType = sourcecode.c.objc; path = ZZViewChainModel.m; sourceTree = "<group>"; };
		C2268CE61FCC3FF500C98EA7 /* ZZScrollViewChainModel.m */ = {isa = PBXFileReference; fileEncoding = 4; lastKnownFileType = sourcecode.c.objc; path = ZZScrollViewChainModel.m; sourceTree = "<group>"; };
		C2268CE71FCC3FF500C98EA7 /* ZZImageViewChainModel.m */ = {isa = PBXFileReference; fileEncoding = 4; lastKnownFileType = sourcecode.c.objc; path = ZZImageViewChainModel.m; sourceTree = "<group>"; };
		C2268CE81FCC3FF500C98EA7 /* ZZControlChainModel.m */ = {isa = PBXFileReference; fileEncoding = 4; lastKnownFileType = sourcecode.c.objc; path = ZZControlChainModel.m; sourceTree = "<group>"; };
		C2268CE91FCC3FF500C98EA7 /* ZZTableViewChainModel.h */ = {isa = PBXFileReference; fileEncoding = 4; lastKnownFileType = sourcecode.c.h; path = ZZTableViewChainModel.h; sourceTree = "<group>"; };
		C2268CEA1FCC3FF500C98EA7 /* ZZSwitchChainModel.m */ = {isa = PBXFileReference; fileEncoding = 4; lastKnownFileType = sourcecode.c.objc; path = ZZSwitchChainModel.m; sourceTree = "<group>"; };
		C2268CEB1FCC3FF500C98EA7 /* ZZBaseViewChainModel.m */ = {isa = PBXFileReference; fileEncoding = 4; lastKnownFileType = sourcecode.c.objc; path = ZZBaseViewChainModel.m; sourceTree = "<group>"; };
		C2268CFB1FCC40AE00C98EA7 /* UIControl+ZZEvent.h */ = {isa = PBXFileReference; lastKnownFileType = sourcecode.c.h; path = "UIControl+ZZEvent.h"; sourceTree = "<group>"; };
		C2268CFC1FCC40AE00C98EA7 /* UIControl+ZZEvent.m */ = {isa = PBXFileReference; lastKnownFileType = sourcecode.c.objc; path = "UIControl+ZZEvent.m"; sourceTree = "<group>"; };
		C2268CFE1FCC413800C98EA7 /* UIView+ZZFrame.h */ = {isa = PBXFileReference; lastKnownFileType = sourcecode.c.h; path = "UIView+ZZFrame.h"; sourceTree = "<group>"; };
		C2268CFF1FCC413800C98EA7 /* UIView+ZZFrame.m */ = {isa = PBXFileReference; lastKnownFileType = sourcecode.c.objc; path = "UIView+ZZFrame.m"; sourceTree = "<group>"; };
		C2268D011FCC439A00C98EA7 /* UIButton+ZZExtension.h */ = {isa = PBXFileReference; lastKnownFileType = sourcecode.c.h; path = "UIButton+ZZExtension.h"; sourceTree = "<group>"; };
		C2268D021FCC439A00C98EA7 /* UIButton+ZZExtension.m */ = {isa = PBXFileReference; lastKnownFileType = sourcecode.c.objc; path = "UIButton+ZZExtension.m"; sourceTree = "<group>"; };
		C2351DC71FDBC2A400CFDE5B /* ZZTextFieldChainModel.h */ = {isa = PBXFileReference; lastKnownFileType = sourcecode.c.h; path = ZZTextFieldChainModel.h; sourceTree = "<group>"; };
		C2351DC81FDBC2A400CFDE5B /* ZZTextFieldChainModel.m */ = {isa = PBXFileReference; lastKnownFileType = sourcecode.c.objc; path = ZZTextFieldChainModel.m; sourceTree = "<group>"; };
		C26311F51FE8AF460022B2F8 /* ZZFLEXTableViewEmptyCell.h */ = {isa = PBXFileReference; lastKnownFileType = sourcecode.c.h; path = ZZFLEXTableViewEmptyCell.h; sourceTree = "<group>"; };
		C26311F61FE8AF460022B2F8 /* ZZFLEXTableViewEmptyCell.m */ = {isa = PBXFileReference; lastKnownFileType = sourcecode.c.objc; path = ZZFLEXTableViewEmptyCell.m; sourceTree = "<group>"; };
		C26311F91FE8B50D0022B2F8 /* ZZFLEXAngel+UITableView.h */ = {isa = PBXFileReference; fileEncoding = 4; lastKnownFileType = sourcecode.c.h; path = "ZZFLEXAngel+UITableView.h"; sourceTree = "<group>"; };
		C26311FA1FE8B50D0022B2F8 /* ZZFLEXAngel+Private.h */ = {isa = PBXFileReference; fileEncoding = 4; lastKnownFileType = sourcecode.c.h; path = "ZZFLEXAngel+Private.h"; sourceTree = "<group>"; };
		C26311FB1FE8B50D0022B2F8 /* ZZFLEXAngel+UICollectionView.m */ = {isa = PBXFileReference; fileEncoding = 4; lastKnownFileType = sourcecode.c.objc; path = "ZZFLEXAngel+UICollectionView.m"; sourceTree = "<group>"; };
		C26311FC1FE8B50D0022B2F8 /* ZZFLEXAngel+Private.m */ = {isa = PBXFileReference; fileEncoding = 4; lastKnownFileType = sourcecode.c.objc; path = "ZZFLEXAngel+Private.m"; sourceTree = "<group>"; };
		C26311FD1FE8B50D0022B2F8 /* ZZFLEXAngel+UITableView.m */ = {isa = PBXFileReference; fileEncoding = 4; lastKnownFileType = sourcecode.c.objc; path = "ZZFLEXAngel+UITableView.m"; sourceTree = "<group>"; };
		C26311FE1FE8B50D0022B2F8 /* ZZFLEXAngel+UICollectionView.h */ = {isa = PBXFileReference; fileEncoding = 4; lastKnownFileType = sourcecode.c.h; path = "ZZFLEXAngel+UICollectionView.h"; sourceTree = "<group>"; };
		C26312031FE8B5CC0022B2F8 /* ZZFlexibleLayoutSectionModel.h */ = {isa = PBXFileReference; fileEncoding = 4; lastKnownFileType = sourcecode.c.h; path = ZZFlexibleLayoutSectionModel.h; sourceTree = "<group>"; };
		C26312041FE8B5CC0022B2F8 /* ZZFlexibleLayoutViewModel.h */ = {isa = PBXFileReference; fileEncoding = 4; lastKnownFileType = sourcecode.c.h; path = ZZFlexibleLayoutViewModel.h; sourceTree = "<group>"; };
		C26312051FE8B5CC0022B2F8 /* ZZFlexibleLayoutSectionModel.m */ = {isa = PBXFileReference; fileEncoding = 4; lastKnownFileType = sourcecode.c.objc; path = ZZFlexibleLayoutSectionModel.m; sourceTree = "<group>"; };
		C26312061FE8B5CC0022B2F8 /* ZZFlexibleLayoutViewModel.m */ = {isa = PBXFileReference; fileEncoding = 4; lastKnownFileType = sourcecode.c.objc; path = ZZFlexibleLayoutViewModel.m; sourceTree = "<group>"; };
		C26312091FE8B5EC0022B2F8 /* ZZFlexibleLayoutEmptyHeaderFooterView.m */ = {isa = PBXFileReference; fileEncoding = 4; lastKnownFileType = sourcecode.c.objc; path = ZZFlexibleLayoutEmptyHeaderFooterView.m; sourceTree = "<group>"; };
		C263120A1FE8B5ED0022B2F8 /* ZZFlexibleLayoutSeperatorCell.m */ = {isa = PBXFileReference; fileEncoding = 4; lastKnownFileType = sourcecode.c.objc; path = ZZFlexibleLayoutSeperatorCell.m; sourceTree = "<group>"; };
		C263120B1FE8B5ED0022B2F8 /* ZZFlexibleLayoutEmptyHeaderFooterView.h */ = {isa = PBXFileReference; fileEncoding = 4; lastKnownFileType = sourcecode.c.h; path = ZZFlexibleLayoutEmptyHeaderFooterView.h; sourceTree = "<group>"; };
		C263120C1FE8B5ED0022B2F8 /* ZZFlexibleLayoutSeperatorCell.h */ = {isa = PBXFileReference; fileEncoding = 4; lastKnownFileType = sourcecode.c.h; path = ZZFlexibleLayoutSeperatorCell.h; sourceTree = "<group>"; };
		C26312231FE8B62A0022B2F8 /* ZZFLEXChainCellEditModel.m */ = {isa = PBXFileReference; fileEncoding = 4; lastKnownFileType = sourcecode.c.objc; path = ZZFLEXChainCellEditModel.m; sourceTree = "<group>"; };
		C26312241FE8B62A0022B2F8 /* ZZFLEXChainSectionModel.m */ = {isa = PBXFileReference; fileEncoding = 4; lastKnownFileType = sourcecode.c.objc; path = ZZFLEXChainSectionModel.m; sourceTree = "<group>"; };
		C26312251FE8B62A0022B2F8 /* ZZFLEXChainDataModel.h */ = {isa = PBXFileReference; fileEncoding = 4; lastKnownFileType = sourcecode.c.h; path = ZZFLEXChainDataModel.h; sourceTree = "<group>"; };
		C26312261FE8B62A0022B2F8 /* ZZFLEXChainViewModel.h */ = {isa = PBXFileReference; fileEncoding = 4; lastKnownFileType = sourcecode.c.h; path = ZZFLEXChainViewModel.h; sourceTree = "<group>"; };
		C26312271FE8B62A0022B2F8 /* ZZFLEXChainViewArrayModel.m */ = {isa = PBXFileReference; fileEncoding = 4; lastKnownFileType = sourcecode.c.objc; path = ZZFLEXChainViewArrayModel.m; sourceTree = "<group>"; };
		C26312281FE8B62A0022B2F8 /* ZZFLEXChainAllCellsEditModel.m */ = {isa = PBXFileReference; fileEncoding = 4; lastKnownFileType = sourcecode.c.objc; path = ZZFLEXChainAllCellsEditModel.m; sourceTree = "<group>"; };
		C26312291FE8B62A0022B2F8 /* ZZFLEXChainCellEditModel.h */ = {isa = PBXFileReference; fileEncoding = 4; lastKnownFileType = sourcecode.c.h; path = ZZFLEXChainCellEditModel.h; sourceTree = "<group>"; };
		C263122A1FE8B62A0022B2F8 /* ZZFLEXChainDataModel.m */ = {isa = PBXFileReference; fileEncoding = 4; lastKnownFileType = sourcecode.c.objc; path = ZZFLEXChainDataModel.m; sourceTree = "<group>"; };
		C263122B1FE8B62A0022B2F8 /* ZZFLEXChainSectionModel.h */ = {isa = PBXFileReference; fileEncoding = 4; lastKnownFileType = sourcecode.c.h; path = ZZFLEXChainSectionModel.h; sourceTree = "<group>"; };
		C263122C1FE8B62A0022B2F8 /* ZZFLEXChainAllCellsEditModel.h */ = {isa = PBXFileReference; fileEncoding = 4; lastKnownFileType = sourcecode.c.h; path = ZZFLEXChainAllCellsEditModel.h; sourceTree = "<group>"; };
		C263122D1FE8B62A0022B2F8 /* ZZFLEXChainViewArrayModel.h */ = {isa = PBXFileReference; fileEncoding = 4; lastKnownFileType = sourcecode.c.h; path = ZZFLEXChainViewArrayModel.h; sourceTree = "<group>"; };
		C263122E1FE8B62A0022B2F8 /* ZZFLEXChainViewModel.m */ = {isa = PBXFileReference; fileEncoding = 4; lastKnownFileType = sourcecode.c.objc; path = ZZFLEXChainViewModel.m; sourceTree = "<group>"; };
		C26312351FE8B67C0022B2F8 /* ZZFLEXMacros.h */ = {isa = PBXFileReference; lastKnownFileType = sourcecode.c.h; path = ZZFLEXMacros.h; sourceTree = "<group>"; };
		C26312361FE8B6BB0022B2F8 /* ZZFlexibleLayoutViewProtocol.h */ = {isa = PBXFileReference; fileEncoding = 4; lastKnownFileType = sourcecode.c.h; path = ZZFlexibleLayoutViewProtocol.h; sourceTree = "<group>"; };
		C26312371FE8BB360022B2F8 /* ZZFDCateModel.h */ = {isa = PBXFileReference; lastKnownFileType = sourcecode.c.h; path = ZZFDCateModel.h; sourceTree = "<group>"; };
		C26312381FE8BB360022B2F8 /* ZZFDCateModel.m */ = {isa = PBXFileReference; lastKnownFileType = sourcecode.c.objc; path = ZZFDCateModel.m; sourceTree = "<group>"; };
		C263123A1FE8E7230022B2F8 /* ZZFDCateSectionView.h */ = {isa = PBXFileReference; lastKnownFileType = sourcecode.c.h; path = ZZFDCateSectionView.h; sourceTree = "<group>"; };
		C263123B1FE8E7230022B2F8 /* ZZFDCateSectionView.m */ = {isa = PBXFileReference; lastKnownFileType = sourcecode.c.objc; path = ZZFDCateSectionView.m; sourceTree = "<group>"; };
		C263123D1FE8E9990022B2F8 /* ZZFDCateSectionItemCell.h */ = {isa = PBXFileReference; lastKnownFileType = sourcecode.c.h; path = ZZFDCateSectionItemCell.h; sourceTree = "<group>"; };
		C263123E1FE8E9990022B2F8 /* ZZFDCateSectionItemCell.m */ = {isa = PBXFileReference; lastKnownFileType = sourcecode.c.objc; path = ZZFDCateSectionItemCell.m; sourceTree = "<group>"; };
		C27E9F411FCE609C0062C896 /* ZZFDGoodDetailViewController.m */ = {isa = PBXFileReference; fileEncoding = 4; lastKnownFileType = sourcecode.c.objc; path = ZZFDGoodDetailViewController.m; sourceTree = "<group>"; };
		C27E9F421FCE609C0062C896 /* ZZFDGoodDetailViewController.h */ = {isa = PBXFileReference; fileEncoding = 4; lastKnownFileType = sourcecode.c.h; path = ZZFDGoodDetailViewController.h; sourceTree = "<group>"; };
		C27E9F441FCE609C0062C896 /* ZZFDGoodListViewController.h */ = {isa = PBXFileReference; fileEncoding = 4; lastKnownFileType = sourcecode.c.h; path = ZZFDGoodListViewController.h; sourceTree = "<group>"; };
		C27E9F461FCE609C0062C896 /* ZZFDGoodListModel.h */ = {isa = PBXFileReference; fileEncoding = 4; lastKnownFileType = sourcecode.c.h; path = ZZFDGoodListModel.h; sourceTree = "<group>"; };
		C27E9F471FCE609C0062C896 /* ZZFDGoodListModel.m */ = {isa = PBXFileReference; fileEncoding = 4; lastKnownFileType = sourcecode.c.objc; path = ZZFDGoodListModel.m; sourceTree = "<group>"; };
		C27E9F481FCE609C0062C896 /* ZZFDGoodListViewController.m */ = {isa = PBXFileReference; fileEncoding = 4; lastKnownFileType = sourcecode.c.objc; path = ZZFDGoodListViewController.m; sourceTree = "<group>"; };
		C27E9F4A1FCE609C0062C896 /* ZZFDGoodListCell.h */ = {isa = PBXFileReference; fileEncoding = 4; lastKnownFileType = sourcecode.c.h; path = ZZFDGoodListCell.h; sourceTree = "<group>"; };
		C27E9F4B1FCE609C0062C896 /* ZZFDGoodListCell.m */ = {isa = PBXFileReference; fileEncoding = 4; lastKnownFileType = sourcecode.c.objc; path = ZZFDGoodListCell.m; sourceTree = "<group>"; };
		C27E9F511FCE60E70062C896 /* TLMineViewController.h */ = {isa = PBXFileReference; fileEncoding = 4; lastKnownFileType = sourcecode.c.h; path = TLMineViewController.h; sourceTree = "<group>"; };
		C27E9F521FCE60E70062C896 /* TLMineViewController.m */ = {isa = PBXFileReference; fileEncoding = 4; lastKnownFileType = sourcecode.c.objc; path = TLMineViewController.m; sourceTree = "<group>"; };
		C27E9F561FCE60E70062C896 /* TLMineHeaderCell.m */ = {isa = PBXFileReference; fileEncoding = 4; lastKnownFileType = sourcecode.c.objc; path = TLMineHeaderCell.m; sourceTree = "<group>"; };
		C27E9F571FCE60E70062C896 /* TLMineHeaderCell.h */ = {isa = PBXFileReference; fileEncoding = 4; lastKnownFileType = sourcecode.c.h; path = TLMineHeaderCell.h; sourceTree = "<group>"; };
		C27E9F631FCE61580062C896 /* TLMenuItem.h */ = {isa = PBXFileReference; fileEncoding = 4; lastKnownFileType = sourcecode.c.h; path = TLMenuItem.h; sourceTree = "<group>"; };
		C27E9F641FCE61580062C896 /* TLMenuItem.m */ = {isa = PBXFileReference; fileEncoding = 4; lastKnownFileType = sourcecode.c.objc; path = TLMenuItem.m; sourceTree = "<group>"; };
		C27E9F661FCE615F0062C896 /* TLMenuItemCell.h */ = {isa = PBXFileReference; fileEncoding = 4; lastKnownFileType = sourcecode.c.h; path = TLMenuItemCell.h; sourceTree = "<group>"; };
		C27E9F671FCE615F0062C896 /* TLMenuItemCell.m */ = {isa = PBXFileReference; fileEncoding = 4; lastKnownFileType = sourcecode.c.objc; path = TLMenuItemCell.m; sourceTree = "<group>"; };
		C27E9F691FCE61840062C896 /* TLUser.m */ = {isa = PBXFileReference; fileEncoding = 4; lastKnownFileType = sourcecode.c.objc; path = TLUser.m; sourceTree = "<group>"; };
		C27E9F6A1FCE61840062C896 /* TLUser.h */ = {isa = PBXFileReference; fileEncoding = 4; lastKnownFileType = sourcecode.c.h; path = TLUser.h; sourceTree = "<group>"; };
		C27E9F6C1FCE61DF0062C896 /* TLBadge.h */ = {isa = PBXFileReference; fileEncoding = 4; lastKnownFileType = sourcecode.c.h; path = TLBadge.h; sourceTree = "<group>"; };
		C27E9F6D1FCE61DF0062C896 /* TLBadge.m */ = {isa = PBXFileReference; fileEncoding = 4; lastKnownFileType = sourcecode.c.objc; path = TLBadge.m; sourceTree = "<group>"; };
		C27E9F701FCE63B40062C896 /* UIColor+ZZFD.h */ = {isa = PBXFileReference; lastKnownFileType = sourcecode.c.h; path = "UIColor+ZZFD.h"; sourceTree = "<group>"; };
		C27E9F711FCE63B40062C896 /* UIColor+ZZFD.m */ = {isa = PBXFileReference; lastKnownFileType = sourcecode.c.objc; path = "UIColor+ZZFD.m"; sourceTree = "<group>"; };
		C27E9F741FCE64C20062C896 /* Mine.xcassets */ = {isa = PBXFileReference; lastKnownFileType = folder.assetcatalog; path = Mine.xcassets; sourceTree = "<group>"; };
		C27E9F771FCE84E40062C896 /* ZZGood.xcassets */ = {isa = PBXFileReference; lastKnownFileType = folder.assetcatalog; path = ZZGood.xcassets; sourceTree = "<group>"; };
		C282D0A41FEA0C0700559705 /* ZZFDGoodPriceCell.h */ = {isa = PBXFileReference; fileEncoding = 4; lastKnownFileType = sourcecode.c.h; path = ZZFDGoodPriceCell.h; sourceTree = "<group>"; };
		C282D0A51FEA0C0700559705 /* ZZFDGoodReadCell.h */ = {isa = PBXFileReference; fileEncoding = 4; lastKnownFileType = sourcecode.c.h; path = ZZFDGoodReadCell.h; sourceTree = "<group>"; };
		C282D0A61FEA0C0700559705 /* ZZFDGoodAreaCell.h */ = {isa = PBXFileReference; fileEncoding = 4; lastKnownFileType = sourcecode.c.h; path = ZZFDGoodAreaCell.h; sourceTree = "<group>"; };
		C282D0A71FEA0C0700559705 /* ZZFDGoodTitleCell.m */ = {isa = PBXFileReference; fileEncoding = 4; lastKnownFileType = sourcecode.c.objc; path = ZZFDGoodTitleCell.m; sourceTree = "<group>"; };
		C282D0A81FEA0C0700559705 /* ZZFDGoodPriceCell.m */ = {isa = PBXFileReference; fileEncoding = 4; lastKnownFileType = sourcecode.c.objc; path = ZZFDGoodPriceCell.m; sourceTree = "<group>"; };
		C282D0A91FEA0C0700559705 /* ZZFDGoodReadCell.m */ = {isa = PBXFileReference; fileEncoding = 4; lastKnownFileType = sourcecode.c.objc; path = ZZFDGoodReadCell.m; sourceTree = "<group>"; };
		C282D0AA1FEA0C0700559705 /* ZZFDGoodTitleCell.h */ = {isa = PBXFileReference; fileEncoding = 4; lastKnownFileType = sourcecode.c.h; path = ZZFDGoodTitleCell.h; sourceTree = "<group>"; };
		C282D0AB1FEA0C0700559705 /* ZZFDGoodAreaCell.m */ = {isa = PBXFileReference; fileEncoding = 4; lastKnownFileType = sourcecode.c.objc; path = ZZFDGoodAreaCell.m; sourceTree = "<group>"; };
		C282D0B41FEA0E0A00559705 /* ZZFDGoodSectionTitleCell.h */ = {isa = PBXFileReference; lastKnownFileType = sourcecode.c.h; path = ZZFDGoodSectionTitleCell.h; sourceTree = "<group>"; };
		C282D0B51FEA0E0A00559705 /* ZZFDGoodSectionTitleCell.m */ = {isa = PBXFileReference; lastKnownFileType = sourcecode.c.objc; path = ZZFDGoodSectionTitleCell.m; sourceTree = "<group>"; };
		C282D0B71FEA0E1600559705 /* ZZFDGoodDetailCell.h */ = {isa = PBXFileReference; lastKnownFileType = sourcecode.c.h; path = ZZFDGoodDetailCell.h; sourceTree = "<group>"; };
		C282D0B81FEA0E1600559705 /* ZZFDGoodDetailCell.m */ = {isa = PBXFileReference; lastKnownFileType = sourcecode.c.objc; path = ZZFDGoodDetailCell.m; sourceTree = "<group>"; };
		C282D0BA1FEA14AD00559705 /* ZZFDGoodParamCell.h */ = {isa = PBXFileReference; lastKnownFileType = sourcecode.c.h; path = ZZFDGoodParamCell.h; sourceTree = "<group>"; };
		C282D0BB1FEA14AD00559705 /* ZZFDGoodParamCell.m */ = {isa = PBXFileReference; lastKnownFileType = sourcecode.c.objc; path = ZZFDGoodParamCell.m; sourceTree = "<group>"; };
		C282D0BD1FEA1BBE00559705 /* ZZFDGoodBigImageCell.h */ = {isa = PBXFileReference; lastKnownFileType = sourcecode.c.h; path = ZZFDGoodBigImageCell.h; sourceTree = "<group>"; };
		C282D0BE1FEA1BBE00559705 /* ZZFDGoodBigImageCell.m */ = {isa = PBXFileReference; lastKnownFileType = sourcecode.c.objc; path = ZZFDGoodBigImageCell.m; sourceTree = "<group>"; };
		C282D0C01FEA1BCB00559705 /* ZZFDGoodSmallImageCell.h */ = {isa = PBXFileReference; lastKnownFileType = sourcecode.c.h; path = ZZFDGoodSmallImageCell.h; sourceTree = "<group>"; };
		C282D0C11FEA1BCB00559705 /* ZZFDGoodSmallImageCell.m */ = {isa = PBXFileReference; lastKnownFileType = sourcecode.c.objc; path = ZZFDGoodSmallImageCell.m; sourceTree = "<group>"; };
		C282D0C31FEA281000559705 /* ZZFDImageMoreCell.h */ = {isa = PBXFileReference; lastKnownFileType = sourcecode.c.h; path = ZZFDImageMoreCell.h; sourceTree = "<group>"; };
		C282D0C41FEA281000559705 /* ZZFDImageMoreCell.m */ = {isa = PBXFileReference; lastKnownFileType = sourcecode.c.objc; path = ZZFDImageMoreCell.m; sourceTree = "<group>"; };
		C282D0C71FEA2B2600559705 /* ZZFDGoodUserCell.h */ = {isa = PBXFileReference; lastKnownFileType = sourcecode.c.h; path = ZZFDGoodUserCell.h; sourceTree = "<group>"; };
		C282D0C81FEA2B2600559705 /* ZZFDGoodUserCell.m */ = {isa = PBXFileReference; lastKnownFileType = sourcecode.c.objc; path = ZZFDGoodUserCell.m; sourceTree = "<group>"; };
		C282D0CB1FEA3AA600559705 /* ZZFDGoodCommitEmptyCell.h */ = {isa = PBXFileReference; lastKnownFileType = sourcecode.c.h; path = ZZFDGoodCommitEmptyCell.h; sourceTree = "<group>"; };
		C282D0CC1FEA3AA600559705 /* ZZFDGoodCommitEmptyCell.m */ = {isa = PBXFileReference; lastKnownFileType = sourcecode.c.objc; path = ZZFDGoodCommitEmptyCell.m; sourceTree = "<group>"; };
		C282D0D21FEA3F5F00559705 /* ZZFDGoodRecCell.h */ = {isa = PBXFileReference; lastKnownFileType = sourcecode.c.h; path = ZZFDGoodRecCell.h; sourceTree = "<group>"; };
		C282D0D31FEA3F5F00559705 /* ZZFDGoodRecCell.m */ = {isa = PBXFileReference; lastKnownFileType = sourcecode.c.objc; path = ZZFDGoodRecCell.m; sourceTree = "<group>"; };
		C282D0D51FEA3FE900559705 /* ZZFDGoodTitleView.h */ = {isa = PBXFileReference; lastKnownFileType = sourcecode.c.h; path = ZZFDGoodTitleView.h; sourceTree = "<group>"; };
		C282D0D61FEA3FE900559705 /* ZZFDGoodTitleView.m */ = {isa = PBXFileReference; lastKnownFileType = sourcecode.c.objc; path = ZZFDGoodTitleView.m; sourceTree = "<group>"; };
		C282D1041FEA5D8F00559705 /* ZZFDGoodCommitInputCell.h */ = {isa = PBXFileReference; lastKnownFileType = sourcecode.c.h; path = ZZFDGoodCommitInputCell.h; sourceTree = "<group>"; };
		C282D1051FEA5D8F00559705 /* ZZFDGoodCommitInputCell.m */ = {isa = PBXFileReference; lastKnownFileType = sourcecode.c.objc; path = ZZFDGoodCommitInputCell.m; sourceTree = "<group>"; };
		C282D1071FEA5D9A00559705 /* ZZFDGoodCommitCell.h */ = {isa = PBXFileReference; lastKnownFileType = sourcecode.c.h; path = ZZFDGoodCommitCell.h; sourceTree = "<group>"; };
		C282D1081FEA5D9A00559705 /* ZZFDGoodCommitCell.m */ = {isa = PBXFileReference; lastKnownFileType = sourcecode.c.objc; path = ZZFDGoodCommitCell.m; sourceTree = "<group>"; };
		C2863A8D1FCCFB76008BC3C0 /* ZZFDAppDelegate.h */ = {isa = PBXFileReference; fileEncoding = 4; lastKnownFileType = sourcecode.c.h; path = ZZFDAppDelegate.h; sourceTree = "<group>"; };
		C2863A8E1FCCFB76008BC3C0 /* Assets.xcassets */ = {isa = PBXFileReference; lastKnownFileType = folder.assetcatalog; path = Assets.xcassets; sourceTree = "<group>"; };
		C2863A8F1FCCFB76008BC3C0 /* main.m */ = {isa = PBXFileReference; fileEncoding = 4; lastKnownFileType = sourcecode.c.objc; path = main.m; sourceTree = "<group>"; };
		C2863A901FCCFB76008BC3C0 /* ZZFDAppDelegate.m */ = {isa = PBXFileReference; fileEncoding = 4; lastKnownFileType = sourcecode.c.objc; path = ZZFDAppDelegate.m; sourceTree = "<group>"; };
		C2863A9A1FCCFBA7008BC3C0 /* Base */ = {isa = PBXFileReference; lastKnownFileType = file.storyboard; name = Base; path = Base.lproj/LaunchScreen.storyboard; sourceTree = "<group>"; };
		C2863A9C1FCCFD52008BC3C0 /* ZZFDMainViewController.h */ = {isa = PBXFileReference; lastKnownFileType = sourcecode.c.h; path = ZZFDMainViewController.h; sourceTree = "<group>"; };
		C2863A9D1FCCFD52008BC3C0 /* ZZFDMainViewController.m */ = {isa = PBXFileReference; lastKnownFileType = sourcecode.c.objc; path = ZZFDMainViewController.m; sourceTree = "<group>"; };
		C2863AA21FCD0056008BC3C0 /* ZZFDPrefixHeader.pch */ = {isa = PBXFileReference; lastKnownFileType = sourcecode.c.h; path = ZZFDPrefixHeader.pch; sourceTree = "<group>"; };
		C2863AA41FCD022B008BC3C0 /* ZZFDMainMenuCell.h */ = {isa = PBXFileReference; lastKnownFileType = sourcecode.c.h; path = ZZFDMainMenuCell.h; sourceTree = "<group>"; };
		C2863AA51FCD022B008BC3C0 /* ZZFDMainMenuCell.m */ = {isa = PBXFileReference; lastKnownFileType = sourcecode.c.objc; path = ZZFDMainMenuCell.m; sourceTree = "<group>"; };
		C29D37121FE7AFBA007236D8 /* ZZFDCateViewController.h */ = {isa = PBXFileReference; lastKnownFileType = sourcecode.c.h; path = ZZFDCateViewController.h; sourceTree = "<group>"; };
		C29D37131FE7AFBA007236D8 /* ZZFDCateViewController.m */ = {isa = PBXFileReference; lastKnownFileType = sourcecode.c.objc; path = ZZFDCateViewController.m; sourceTree = "<group>"; };
		C29D37151FE7B381007236D8 /* ZZFDCateMenuCell.h */ = {isa = PBXFileReference; lastKnownFileType = sourcecode.c.h; path = ZZFDCateMenuCell.h; sourceTree = "<group>"; };
		C29D37161FE7B381007236D8 /* ZZFDCateMenuCell.m */ = {isa = PBXFileReference; lastKnownFileType = sourcecode.c.objc; path = ZZFDCateMenuCell.m; sourceTree = "<group>"; };
		C2AC732F1FE516DA00DABA11 /* ZZFDMainTitleView.h */ = {isa = PBXFileReference; lastKnownFileType = sourcecode.c.h; path = ZZFDMainTitleView.h; sourceTree = "<group>"; };
		C2AC73301FE516DA00DABA11 /* ZZFDMainTitleView.m */ = {isa = PBXFileReference; lastKnownFileType = sourcecode.c.objc; path = ZZFDMainTitleView.m; sourceTree = "<group>"; };
		C2AC73321FE51B2D00DABA11 /* ZZFDMainIntroduceCell.h */ = {isa = PBXFileReference; lastKnownFileType = sourcecode.c.h; path = ZZFDMainIntroduceCell.h; sourceTree = "<group>"; };
		C2AC73331FE51B2D00DABA11 /* ZZFDMainIntroduceCell.m */ = {isa = PBXFileReference; lastKnownFileType = sourcecode.c.objc; path = ZZFDMainIntroduceCell.m; sourceTree = "<group>"; };
		C2AC73351FE51FD400DABA11 /* ZZFDMainSectionTitleView.h */ = {isa = PBXFileReference; lastKnownFileType = sourcecode.c.h; path = ZZFDMainSectionTitleView.h; sourceTree = "<group>"; };
		C2AC73361FE51FD400DABA11 /* ZZFDMainSectionTitleView.m */ = {isa = PBXFileReference; lastKnownFileType = sourcecode.c.objc; path = ZZFDMainSectionTitleView.m; sourceTree = "<group>"; };
		C2D788DD1FCC396D00778993 /* ZZFLEXDemo.app */ = {isa = PBXFileReference; explicitFileType = wrapper.application; includeInIndex = 0; path = ZZFLEXDemo.app; sourceTree = BUILT_PRODUCTS_DIR; };
		C2D788EE1FCC396D00778993 /* Info.plist */ = {isa = PBXFileReference; lastKnownFileType = text.plist.xml; path = Info.plist; sourceTree = "<group>"; };
		C2F8C8391FDE6A1E0007B564 /* ZZFlexibleLayoutViewController+OldAPI.h */ = {isa = PBXFileReference; fileEncoding = 4; lastKnownFileType = sourcecode.c.h; path = "ZZFlexibleLayoutViewController+OldAPI.h"; sourceTree = "<group>"; };
		C2F8C83A1FDE6A1E0007B564 /* ZZFlexibleLayoutViewController+OldAPI.m */ = {isa = PBXFileReference; fileEncoding = 4; lastKnownFileType = sourcecode.c.objc; path = "ZZFlexibleLayoutViewController+OldAPI.m"; sourceTree = "<group>"; };
/* End PBXFileReference section */

/* Begin PBXFrameworksBuildPhase section */
		C2D788DA1FCC396D00778993 /* Frameworks */ = {
			isa = PBXFrameworksBuildPhase;
			buildActionMask = 2147483647;
			files = (
				C4CA8820EC31BF20D47A333A /* libPods-ZZFLEXDemo.a in Frameworks */,
			);
			runOnlyForDeploymentPostprocessing = 0;
		};
/* End PBXFrameworksBuildPhase section */

/* Begin PBXGroup section */
		29A0D9B48CDC8EE6E2F2CAB7 /* Pods */ = {
			isa = PBXGroup;
			children = (
				9440C1BF2DD4CF4BDDF729E6 /* Pods-ZZFLEXDemo.debug.xcconfig */,
				90A4ADBAF45856FF582ACE2C /* Pods-ZZFLEXDemo.release.xcconfig */,
			);
			name = Pods;
			sourceTree = "<group>";
		};
		2D6F440DF473BD3A66B3644B /* Frameworks */ = {
			isa = PBXGroup;
			children = (
				6E3B3E00F40C25E980C181EA /* libPods-ZZFLEXDemo.a */,
			);
			name = Frameworks;
			sourceTree = "<group>";
		};
		C204B25D1FE2A41A007112F1 /* ZZFLEXAngel */ = {
			isa = PBXGroup;
			children = (
				C26311F81FE8B50D0022B2F8 /* Private */,
				C26311F41FE8AF140022B2F8 /* CommonViews */,
				C26312221FE8B62A0022B2F8 /* ChainModels */,
				C26312361FE8B6BB0022B2F8 /* ZZFlexibleLayoutViewProtocol.h */,
				C204B25E1FE2A42B007112F1 /* ZZFLEXAngel.h */,
				C204B25F1FE2A42B007112F1 /* ZZFLEXAngel.m */,
			);
			path = ZZFLEXAngel;
			sourceTree = "<group>";
		};
		C2268C611FCC3CFF00C98EA7 /* ZZFlexibleLayoutFramework */ = {
			isa = PBXGroup;
			children = (
				C2268C681FCC3CFF00C98EA7 /* ZZFlexibleLayoutFramework.h */,
				C204B25D1FE2A41A007112F1 /* ZZFLEXAngel */,
				C2268C691FCC3CFF00C98EA7 /* ZZFlexibleLayoutViewController */,
				C2268CC51FCC3F3500C98EA7 /* ZZFlexibleLayoutViewController+EditExtension */,
				C2268CCD1FCC3FDF00C98EA7 /* ZZFLEXRequestQueue */,
				C2268CD41FCC3FF500C98EA7 /* ZZFLEXViewExtension */,
			);
			name = ZZFlexibleLayoutFramework;
			path = ../../ZZFlexibleLayoutFramework;
			sourceTree = "<group>";
		};
		C2268C691FCC3CFF00C98EA7 /* ZZFlexibleLayoutViewController */ = {
			isa = PBXGroup;
			children = (
				C2268C781FCC3CFF00C98EA7 /* Private */,
				C2268C841FCC3CFF00C98EA7 /* ZZFlexibleLayoutViewController.h */,
				C2268C6B1FCC3CFF00C98EA7 /* ZZFlexibleLayoutViewController.m */,
				C2F8C8391FDE6A1E0007B564 /* ZZFlexibleLayoutViewController+OldAPI.h */,
				C2F8C83A1FDE6A1E0007B564 /* ZZFlexibleLayoutViewController+OldAPI.m */,
			);
			path = ZZFlexibleLayoutViewController;
			sourceTree = "<group>";
		};
		C2268C781FCC3CFF00C98EA7 /* Private */ = {
			isa = PBXGroup;
			children = (
				C2268C7A1FCC3CFF00C98EA7 /* ZZFlexibleLayoutFlowLayout.h */,
				C2268C7F1FCC3CFF00C98EA7 /* ZZFlexibleLayoutFlowLayout.m */,
				C2268C7D1FCC3CFF00C98EA7 /* ZZFlexibleLayoutViewController+Kernel.h */,
				C2268C811FCC3CFF00C98EA7 /* ZZFlexibleLayoutViewController+Kernel.m */,
			);
			path = Private;
			sourceTree = "<group>";
		};
		C2268CC51FCC3F3500C98EA7 /* ZZFlexibleLayoutViewController+EditExtension */ = {
			isa = PBXGroup;
			children = (
				C2268CC81FCC3F3500C98EA7 /* ZZFLEXEditModelProtocol.h */,
				C2268CC91FCC3F3500C98EA7 /* ZZFLEXEditModel.h */,
				C2268CC61FCC3F3500C98EA7 /* ZZFLEXEditModel.m */,
				C2268CCA1FCC3F3500C98EA7 /* ZZFlexibleLayoutViewController+EditExtension.h */,
				C2268CC71FCC3F3500C98EA7 /* ZZFlexibleLayoutViewController+EditExtension.m */,
			);
			path = "ZZFlexibleLayoutViewController+EditExtension";
			sourceTree = "<group>";
		};
		C2268CCD1FCC3FDF00C98EA7 /* ZZFLEXRequestQueue */ = {
			isa = PBXGroup;
			children = (
				C2268CD11FCC3FDF00C98EA7 /* ZZFLEXRequestQueue.h */,
				C2268CCF1FCC3FDF00C98EA7 /* ZZFLEXRequestQueue.m */,
				C2268CD01FCC3FDF00C98EA7 /* ZZFLEXRequestModel.h */,
				C2268CCE1FCC3FDF00C98EA7 /* ZZFLEXRequestModel.m */,
			);
			path = ZZFLEXRequestQueue;
			sourceTree = "<group>";
		};
		C2268CD41FCC3FF500C98EA7 /* ZZFLEXViewExtension */ = {
			isa = PBXGroup;
			children = (
				C2268CF71FCC400E00C98EA7 /* Base */,
				C2268CD71FCC3FF500C98EA7 /* ViewsChainModels */,
				C2268CD61FCC3FF500C98EA7 /* UIView+ZZFLEX.h */,
				C2268CD51FCC3FF500C98EA7 /* UIView+ZZFLEX.m */,
			);
			path = ZZFLEXViewExtension;
			sourceTree = "<group>";
		};
		C2268CD71FCC3FF500C98EA7 /* ViewsChainModels */ = {
			isa = PBXGroup;
			children = (
				C2268CE11FCC3FF500C98EA7 /* ZZBaseViewChainModel.h */,
				C2268CEB1FCC3FF500C98EA7 /* ZZBaseViewChainModel.m */,
				C2268CDE1FCC3FF500C98EA7 /* ZZViewChainModel.h */,
				C2268CE51FCC3FF500C98EA7 /* ZZViewChainModel.m */,
				C2268CDC1FCC3FF500C98EA7 /* ZZImageViewChainModel.h */,
				C2268CE71FCC3FF500C98EA7 /* ZZImageViewChainModel.m */,
				C2268CE41FCC3FF500C98EA7 /* ZZLabelChainModel.h */,
				C2268CD91FCC3FF500C98EA7 /* ZZLabelChainModel.m */,
				C2268CDB1FCC3FF500C98EA7 /* ZZControlChainModel.h */,
				C2268CE81FCC3FF500C98EA7 /* ZZControlChainModel.m */,
				C2351DC71FDBC2A400CFDE5B /* ZZTextFieldChainModel.h */,
				C2351DC81FDBC2A400CFDE5B /* ZZTextFieldChainModel.m */,
				C2268CD81FCC3FF500C98EA7 /* ZZButtonChainModel.h */,
				C2268CE31FCC3FF500C98EA7 /* ZZButtonChainModel.m */,
				C2268CE01FCC3FF500C98EA7 /* ZZSwitchChainModel.h */,
				C2268CEA1FCC3FF500C98EA7 /* ZZSwitchChainModel.m */,
				C2268CDD1FCC3FF500C98EA7 /* ZZScrollViewChainModel.h */,
				C2268CE61FCC3FF500C98EA7 /* ZZScrollViewChainModel.m */,
				C2268CE91FCC3FF500C98EA7 /* ZZTableViewChainModel.h */,
				C2268CDF1FCC3FF500C98EA7 /* ZZTableViewChainModel.m */,
				C2268CE21FCC3FF500C98EA7 /* ZZCollectionViewChainModel.h */,
				C2268CDA1FCC3FF500C98EA7 /* ZZCollectionViewChainModel.m */,
			);
			path = ViewsChainModels;
			sourceTree = "<group>";
		};
		C2268CF71FCC400E00C98EA7 /* Base */ = {
			isa = PBXGroup;
			children = (
				C2268CFB1FCC40AE00C98EA7 /* UIControl+ZZEvent.h */,
				C2268CFC1FCC40AE00C98EA7 /* UIControl+ZZEvent.m */,
				C2268CFE1FCC413800C98EA7 /* UIView+ZZFrame.h */,
				C2268CFF1FCC413800C98EA7 /* UIView+ZZFrame.m */,
				C2268D011FCC439A00C98EA7 /* UIButton+ZZExtension.h */,
				C2268D021FCC439A00C98EA7 /* UIButton+ZZExtension.m */,
			);
			path = Base;
			sourceTree = "<group>";
		};
		C26311F41FE8AF140022B2F8 /* CommonViews */ = {
			isa = PBXGroup;
			children = (
				C263120B1FE8B5ED0022B2F8 /* ZZFlexibleLayoutEmptyHeaderFooterView.h */,
				C26312091FE8B5EC0022B2F8 /* ZZFlexibleLayoutEmptyHeaderFooterView.m */,
				C263120C1FE8B5ED0022B2F8 /* ZZFlexibleLayoutSeperatorCell.h */,
				C263120A1FE8B5ED0022B2F8 /* ZZFlexibleLayoutSeperatorCell.m */,
				C26311F51FE8AF460022B2F8 /* ZZFLEXTableViewEmptyCell.h */,
				C26311F61FE8AF460022B2F8 /* ZZFLEXTableViewEmptyCell.m */,
			);
			path = CommonViews;
			sourceTree = "<group>";
		};
		C26311F81FE8B50D0022B2F8 /* Private */ = {
			isa = PBXGroup;
			children = (
				C26312021FE8B5CC0022B2F8 /* ViewModels */,
				C26312351FE8B67C0022B2F8 /* ZZFLEXMacros.h */,
				C26311FA1FE8B50D0022B2F8 /* ZZFLEXAngel+Private.h */,
				C26311FC1FE8B50D0022B2F8 /* ZZFLEXAngel+Private.m */,
				C26311F91FE8B50D0022B2F8 /* ZZFLEXAngel+UITableView.h */,
				C26311FD1FE8B50D0022B2F8 /* ZZFLEXAngel+UITableView.m */,
				C26311FE1FE8B50D0022B2F8 /* ZZFLEXAngel+UICollectionView.h */,
				C26311FB1FE8B50D0022B2F8 /* ZZFLEXAngel+UICollectionView.m */,
			);
			path = Private;
			sourceTree = "<group>";
		};
		C26312021FE8B5CC0022B2F8 /* ViewModels */ = {
			isa = PBXGroup;
			children = (
				C26312031FE8B5CC0022B2F8 /* ZZFlexibleLayoutSectionModel.h */,
				C26312051FE8B5CC0022B2F8 /* ZZFlexibleLayoutSectionModel.m */,
				C26312041FE8B5CC0022B2F8 /* ZZFlexibleLayoutViewModel.h */,
				C26312061FE8B5CC0022B2F8 /* ZZFlexibleLayoutViewModel.m */,
			);
			path = ViewModels;
			sourceTree = "<group>";
		};
		C26312221FE8B62A0022B2F8 /* ChainModels */ = {
			isa = PBXGroup;
			children = (
				C263122B1FE8B62A0022B2F8 /* ZZFLEXChainSectionModel.h */,
				C26312241FE8B62A0022B2F8 /* ZZFLEXChainSectionModel.m */,
				C26312261FE8B62A0022B2F8 /* ZZFLEXChainViewModel.h */,
				C263122E1FE8B62A0022B2F8 /* ZZFLEXChainViewModel.m */,
				C263122D1FE8B62A0022B2F8 /* ZZFLEXChainViewArrayModel.h */,
				C26312271FE8B62A0022B2F8 /* ZZFLEXChainViewArrayModel.m */,
				C26312291FE8B62A0022B2F8 /* ZZFLEXChainCellEditModel.h */,
				C26312231FE8B62A0022B2F8 /* ZZFLEXChainCellEditModel.m */,
				C263122C1FE8B62A0022B2F8 /* ZZFLEXChainAllCellsEditModel.h */,
				C26312281FE8B62A0022B2F8 /* ZZFLEXChainAllCellsEditModel.m */,
				C26312251FE8B62A0022B2F8 /* ZZFLEXChainDataModel.h */,
				C263122A1FE8B62A0022B2F8 /* ZZFLEXChainDataModel.m */,
			);
			path = ChainModels;
			sourceTree = "<group>";
		};
		C26312401FE908340022B2F8 /* Cells */ = {
			isa = PBXGroup;
			children = (
				C282D0A31FEA0C0700559705 /* Header */,
				C282D0B01FEA0D8600559705 /* Detail */,
				C282D0C61FEA2B1900559705 /* User */,
				C282D0CA1FEA3A9700559705 /* Commit */,
				C282D0CE1FEA3F3F00559705 /* Recommend */,
			);
			path = Cells;
			sourceTree = "<group>";
		};
		C27E9F3F1FCE609C0062C896 /* ZZGood */ = {
			isa = PBXGroup;
			children = (
				C27E9F431FCE609C0062C896 /* GoodList */,
				C27E9F401FCE609C0062C896 /* GoodDetail */,
				C27E9F761FCE84DA0062C896 /* Resources */,
			);
			path = ZZGood;
			sourceTree = "<group>";
		};
		C27E9F401FCE609C0062C896 /* GoodDetail */ = {
			isa = PBXGroup;
			children = (
				C26312401FE908340022B2F8 /* Cells */,
				C27E9F421FCE609C0062C896 /* ZZFDGoodDetailViewController.h */,
				C27E9F411FCE609C0062C896 /* ZZFDGoodDetailViewController.m */,
			);
			path = GoodDetail;
			sourceTree = "<group>";
		};
		C27E9F431FCE609C0062C896 /* GoodList */ = {
			isa = PBXGroup;
			children = (
				C27E9F451FCE609C0062C896 /* Models */,
				C27E9F491FCE609C0062C896 /* Views */,
				C27E9F441FCE609C0062C896 /* ZZFDGoodListViewController.h */,
				C27E9F481FCE609C0062C896 /* ZZFDGoodListViewController.m */,
			);
			path = GoodList;
			sourceTree = "<group>";
		};
		C27E9F451FCE609C0062C896 /* Models */ = {
			isa = PBXGroup;
			children = (
				C27E9F461FCE609C0062C896 /* ZZFDGoodListModel.h */,
				C27E9F471FCE609C0062C896 /* ZZFDGoodListModel.m */,
			);
			path = Models;
			sourceTree = "<group>";
		};
		C27E9F491FCE609C0062C896 /* Views */ = {
			isa = PBXGroup;
			children = (
				C27E9F4A1FCE609C0062C896 /* ZZFDGoodListCell.h */,
				C27E9F4B1FCE609C0062C896 /* ZZFDGoodListCell.m */,
			);
			path = Views;
			sourceTree = "<group>";
		};
		C27E9F4C1FCE609C0062C896 /* WXMine */ = {
			isa = PBXGroup;
			children = (
				C27E9F621FCE61480062C896 /* Models */,
				C27E9F551FCE60E70062C896 /* Views */,
				C27E9F731FCE64C20062C896 /* Resource */,
				C27E9F511FCE60E70062C896 /* TLMineViewController.h */,
				C27E9F521FCE60E70062C896 /* TLMineViewController.m */,
			);
			path = WXMine;
			sourceTree = "<group>";
		};
		C27E9F551FCE60E70062C896 /* Views */ = {
			isa = PBXGroup;
			children = (
				C27E9F6C1FCE61DF0062C896 /* TLBadge.h */,
				C27E9F6D1FCE61DF0062C896 /* TLBadge.m */,
				C27E9F661FCE615F0062C896 /* TLMenuItemCell.h */,
				C27E9F671FCE615F0062C896 /* TLMenuItemCell.m */,
				C27E9F571FCE60E70062C896 /* TLMineHeaderCell.h */,
				C27E9F561FCE60E70062C896 /* TLMineHeaderCell.m */,
			);
			path = Views;
			sourceTree = "<group>";
		};
		C27E9F621FCE61480062C896 /* Models */ = {
			isa = PBXGroup;
			children = (
				C27E9F6A1FCE61840062C896 /* TLUser.h */,
				C27E9F691FCE61840062C896 /* TLUser.m */,
				C27E9F631FCE61580062C896 /* TLMenuItem.h */,
				C27E9F641FCE61580062C896 /* TLMenuItem.m */,
			);
			path = Models;
			sourceTree = "<group>";
		};
		C27E9F6F1FCE63A20062C896 /* Common */ = {
			isa = PBXGroup;
			children = (
				C27E9F701FCE63B40062C896 /* UIColor+ZZFD.h */,
				C27E9F711FCE63B40062C896 /* UIColor+ZZFD.m */,
			);
			path = Common;
			sourceTree = "<group>";
		};
		C27E9F731FCE64C20062C896 /* Resource */ = {
			isa = PBXGroup;
			children = (
				C27E9F741FCE64C20062C896 /* Mine.xcassets */,
			);
			path = Resource;
			sourceTree = "<group>";
		};
		C27E9F761FCE84DA0062C896 /* Resources */ = {
			isa = PBXGroup;
			children = (
				C27E9F771FCE84E40062C896 /* ZZGood.xcassets */,
			);
			path = Resources;
			sourceTree = "<group>";
		};
		C282D0A31FEA0C0700559705 /* Header */ = {
			isa = PBXGroup;
			children = (
				C282D0AA1FEA0C0700559705 /* ZZFDGoodTitleCell.h */,
				C282D0A71FEA0C0700559705 /* ZZFDGoodTitleCell.m */,
				C282D0A41FEA0C0700559705 /* ZZFDGoodPriceCell.h */,
				C282D0A81FEA0C0700559705 /* ZZFDGoodPriceCell.m */,
				C282D0A51FEA0C0700559705 /* ZZFDGoodReadCell.h */,
				C282D0A91FEA0C0700559705 /* ZZFDGoodReadCell.m */,
				C282D0A61FEA0C0700559705 /* ZZFDGoodAreaCell.h */,
				C282D0AB1FEA0C0700559705 /* ZZFDGoodAreaCell.m */,
			);
			path = Header;
			sourceTree = "<group>";
		};
		C282D0B01FEA0D8600559705 /* Detail */ = {
			isa = PBXGroup;
			children = (
				C282D0B41FEA0E0A00559705 /* ZZFDGoodSectionTitleCell.h */,
				C282D0B51FEA0E0A00559705 /* ZZFDGoodSectionTitleCell.m */,
				C282D0B71FEA0E1600559705 /* ZZFDGoodDetailCell.h */,
				C282D0B81FEA0E1600559705 /* ZZFDGoodDetailCell.m */,
				C282D0BA1FEA14AD00559705 /* ZZFDGoodParamCell.h */,
				C282D0BB1FEA14AD00559705 /* ZZFDGoodParamCell.m */,
				C282D0BD1FEA1BBE00559705 /* ZZFDGoodBigImageCell.h */,
				C282D0BE1FEA1BBE00559705 /* ZZFDGoodBigImageCell.m */,
				C282D0C01FEA1BCB00559705 /* ZZFDGoodSmallImageCell.h */,
				C282D0C11FEA1BCB00559705 /* ZZFDGoodSmallImageCell.m */,
				C282D0C31FEA281000559705 /* ZZFDImageMoreCell.h */,
				C282D0C41FEA281000559705 /* ZZFDImageMoreCell.m */,
			);
			path = Detail;
			sourceTree = "<group>";
		};
		C282D0C61FEA2B1900559705 /* User */ = {
			isa = PBXGroup;
			children = (
				C282D0C71FEA2B2600559705 /* ZZFDGoodUserCell.h */,
				C282D0C81FEA2B2600559705 /* ZZFDGoodUserCell.m */,
			);
			path = User;
			sourceTree = "<group>";
		};
		C282D0CA1FEA3A9700559705 /* Commit */ = {
			isa = PBXGroup;
			children = (
				C282D0CB1FEA3AA600559705 /* ZZFDGoodCommitEmptyCell.h */,
				C282D0CC1FEA3AA600559705 /* ZZFDGoodCommitEmptyCell.m */,
				C282D1041FEA5D8F00559705 /* ZZFDGoodCommitInputCell.h */,
				C282D1051FEA5D8F00559705 /* ZZFDGoodCommitInputCell.m */,
				C282D1071FEA5D9A00559705 /* ZZFDGoodCommitCell.h */,
				C282D1081FEA5D9A00559705 /* ZZFDGoodCommitCell.m */,
			);
			path = Commit;
			sourceTree = "<group>";
		};
		C282D0CE1FEA3F3F00559705 /* Recommend */ = {
			isa = PBXGroup;
			children = (
				C282D0D51FEA3FE900559705 /* ZZFDGoodTitleView.h */,
				C282D0D61FEA3FE900559705 /* ZZFDGoodTitleView.m */,
				C282D0D21FEA3F5F00559705 /* ZZFDGoodRecCell.h */,
				C282D0D31FEA3F5F00559705 /* ZZFDGoodRecCell.m */,
			);
			path = Recommend;
			sourceTree = "<group>";
		};
		C2863A8A1FCCFB33008BC3C0 /* Supporting Files */ = {
			isa = PBXGroup;
			children = (
				C2863AA21FCD0056008BC3C0 /* ZZFDPrefixHeader.pch */,
				C2D788EE1FCC396D00778993 /* Info.plist */,
			);
			name = "Supporting Files";
			sourceTree = "<group>";
		};
		C2863A8B1FCCFB76008BC3C0 /* DemoModules */ = {
			isa = PBXGroup;
			children = (
				C27E9F6F1FCE63A20062C896 /* Common */,
				C2863A8C1FCCFB76008BC3C0 /* Launcher */,
				C2863A911FCCFB76008BC3C0 /* Main */,
				C29D37111FE7AFA2007236D8 /* Cate */,
				C27E9F4C1FCE609C0062C896 /* WXMine */,
				C27E9F3F1FCE609C0062C896 /* ZZGood */,
			);
			path = DemoModules;
			sourceTree = "<group>";
		};
		C2863A8C1FCCFB76008BC3C0 /* Launcher */ = {
			isa = PBXGroup;
			children = (
				C2863A8F1FCCFB76008BC3C0 /* main.m */,
				C2863A8D1FCCFB76008BC3C0 /* ZZFDAppDelegate.h */,
				C2863A901FCCFB76008BC3C0 /* ZZFDAppDelegate.m */,
				C2863A991FCCFBA7008BC3C0 /* LaunchScreen.storyboard */,
				C2863A8E1FCCFB76008BC3C0 /* Assets.xcassets */,
			);
			path = Launcher;
			sourceTree = "<group>";
		};
		C2863A911FCCFB76008BC3C0 /* Main */ = {
			isa = PBXGroup;
			children = (
				C2863AA31FCD020D008BC3C0 /* Views */,
				C2863A9C1FCCFD52008BC3C0 /* ZZFDMainViewController.h */,
				C2863A9D1FCCFD52008BC3C0 /* ZZFDMainViewController.m */,
			);
			path = Main;
			sourceTree = "<group>";
		};
		C2863AA31FCD020D008BC3C0 /* Views */ = {
			isa = PBXGroup;
			children = (
				C2AC732F1FE516DA00DABA11 /* ZZFDMainTitleView.h */,
				C2AC73301FE516DA00DABA11 /* ZZFDMainTitleView.m */,
				C2AC73351FE51FD400DABA11 /* ZZFDMainSectionTitleView.h */,
				C2AC73361FE51FD400DABA11 /* ZZFDMainSectionTitleView.m */,
				C2AC73321FE51B2D00DABA11 /* ZZFDMainIntroduceCell.h */,
				C2AC73331FE51B2D00DABA11 /* ZZFDMainIntroduceCell.m */,
				C2863AA41FCD022B008BC3C0 /* ZZFDMainMenuCell.h */,
				C2863AA51FCD022B008BC3C0 /* ZZFDMainMenuCell.m */,
			);
			path = Views;
			sourceTree = "<group>";
		};
		C29D37111FE7AFA2007236D8 /* Cate */ = {
			isa = PBXGroup;
			children = (
				C26312371FE8BB360022B2F8 /* ZZFDCateModel.h */,
				C26312381FE8BB360022B2F8 /* ZZFDCateModel.m */,
				C29D37151FE7B381007236D8 /* ZZFDCateMenuCell.h */,
				C29D37161FE7B381007236D8 /* ZZFDCateMenuCell.m */,
				C263123A1FE8E7230022B2F8 /* ZZFDCateSectionView.h */,
				C263123B1FE8E7230022B2F8 /* ZZFDCateSectionView.m */,
				C263123D1FE8E9990022B2F8 /* ZZFDCateSectionItemCell.h */,
				C263123E1FE8E9990022B2F8 /* ZZFDCateSectionItemCell.m */,
				C29D37121FE7AFBA007236D8 /* ZZFDCateViewController.h */,
				C29D37131FE7AFBA007236D8 /* ZZFDCateViewController.m */,
			);
			path = Cate;
			sourceTree = "<group>";
		};
		C2D788D41FCC396D00778993 = {
			isa = PBXGroup;
			children = (
				C2D788DF1FCC396D00778993 /* ZZFLEXDemo */,
				C2D788DE1FCC396D00778993 /* Products */,
				29A0D9B48CDC8EE6E2F2CAB7 /* Pods */,
				2D6F440DF473BD3A66B3644B /* Frameworks */,
			);
			sourceTree = "<group>";
		};
		C2D788DE1FCC396D00778993 /* Products */ = {
			isa = PBXGroup;
			children = (
				C2D788DD1FCC396D00778993 /* ZZFLEXDemo.app */,
			);
			name = Products;
			sourceTree = "<group>";
		};
		C2D788DF1FCC396D00778993 /* ZZFLEXDemo */ = {
			isa = PBXGroup;
			children = (
				C2268C611FCC3CFF00C98EA7 /* ZZFlexibleLayoutFramework */,
				C2863A8B1FCCFB76008BC3C0 /* DemoModules */,
				C2863A8A1FCCFB33008BC3C0 /* Supporting Files */,
			);
			path = ZZFLEXDemo;
			sourceTree = "<group>";
		};
/* End PBXGroup section */

/* Begin PBXNativeTarget section */
		C2D788DC1FCC396D00778993 /* ZZFLEXDemo */ = {
			isa = PBXNativeTarget;
			buildConfigurationList = C2D788F31FCC396D00778993 /* Build configuration list for PBXNativeTarget "ZZFLEXDemo" */;
			buildPhases = (
				1C3B706C0E4CE23DC45FB713 /* [CP] Check Pods Manifest.lock */,
				C2D788D91FCC396D00778993 /* Sources */,
				C2D788DA1FCC396D00778993 /* Frameworks */,
				C2D788DB1FCC396D00778993 /* Resources */,
				73F6318D69B8196D7F5389BB /* [CP] Embed Pods Frameworks */,
				60A61B1BF6E15E45F6924B69 /* [CP] Copy Pods Resources */,
			);
			buildRules = (
			);
			dependencies = (
			);
			name = ZZFLEXDemo;
			productName = ZZFLEXDemo;
			productReference = C2D788DD1FCC396D00778993 /* ZZFLEXDemo.app */;
			productType = "com.apple.product-type.application";
		};
/* End PBXNativeTarget section */

/* Begin PBXProject section */
		C2D788D51FCC396D00778993 /* Project object */ = {
			isa = PBXProject;
			attributes = {
				CLASSPREFIX = ZZFD;
				LastUpgradeCheck = 0910;
				ORGANIZATIONNAME = "李伯坤";
				TargetAttributes = {
					C2D788DC1FCC396D00778993 = {
						CreatedOnToolsVersion = 9.1;
						ProvisioningStyle = Automatic;
					};
				};
			};
			buildConfigurationList = C2D788D81FCC396D00778993 /* Build configuration list for PBXProject "ZZFLEXDemo" */;
			compatibilityVersion = "Xcode 8.0";
			developmentRegion = en;
			hasScannedForEncodings = 0;
			knownRegions = (
				en,
				Base,
			);
			mainGroup = C2D788D41FCC396D00778993;
			productRefGroup = C2D788DE1FCC396D00778993 /* Products */;
			projectDirPath = "";
			projectRoot = "";
			targets = (
				C2D788DC1FCC396D00778993 /* ZZFLEXDemo */,
			);
		};
/* End PBXProject section */

/* Begin PBXResourcesBuildPhase section */
		C2D788DB1FCC396D00778993 /* Resources */ = {
			isa = PBXResourcesBuildPhase;
			buildActionMask = 2147483647;
			files = (
				C27E9F781FCE84E40062C896 /* ZZGood.xcassets in Resources */,
				C2863A921FCCFB76008BC3C0 /* Assets.xcassets in Resources */,
				C2863A9B1FCCFBA7008BC3C0 /* LaunchScreen.storyboard in Resources */,
				C27E9F751FCE64C20062C896 /* Mine.xcassets in Resources */,
			);
			runOnlyForDeploymentPostprocessing = 0;
		};
/* End PBXResourcesBuildPhase section */

/* Begin PBXShellScriptBuildPhase section */
		1C3B706C0E4CE23DC45FB713 /* [CP] Check Pods Manifest.lock */ = {
			isa = PBXShellScriptBuildPhase;
			buildActionMask = 2147483647;
			files = (
			);
			inputPaths = (
			);
			name = "[CP] Check Pods Manifest.lock";
			outputPaths = (
			);
			runOnlyForDeploymentPostprocessing = 0;
			shellPath = /bin/sh;
			shellScript = "diff \"${PODS_PODFILE_DIR_PATH}/Podfile.lock\" \"${PODS_ROOT}/Manifest.lock\" > /dev/null\nif [ $? != 0 ] ; then\n    # print error to STDERR\n    echo \"error: The sandbox is not in sync with the Podfile.lock. Run 'pod install' or update your CocoaPods installation.\" >&2\n    exit 1\nfi\n";
			showEnvVarsInLog = 0;
		};
		60A61B1BF6E15E45F6924B69 /* [CP] Copy Pods Resources */ = {
			isa = PBXShellScriptBuildPhase;
			buildActionMask = 2147483647;
			files = (
			);
			inputPaths = (
			);
			name = "[CP] Copy Pods Resources";
			outputPaths = (
			);
			runOnlyForDeploymentPostprocessing = 0;
			shellPath = /bin/sh;
			shellScript = "\"${SRCROOT}/Pods/Target Support Files/Pods-ZZFLEXDemo/Pods-ZZFLEXDemo-resources.sh\"\n";
			showEnvVarsInLog = 0;
		};
		73F6318D69B8196D7F5389BB /* [CP] Embed Pods Frameworks */ = {
			isa = PBXShellScriptBuildPhase;
			buildActionMask = 2147483647;
			files = (
			);
			inputPaths = (
			);
			name = "[CP] Embed Pods Frameworks";
			outputPaths = (
			);
			runOnlyForDeploymentPostprocessing = 0;
			shellPath = /bin/sh;
			shellScript = "\"${SRCROOT}/Pods/Target Support Files/Pods-ZZFLEXDemo/Pods-ZZFLEXDemo-frameworks.sh\"\n";
			showEnvVarsInLog = 0;
		};
/* End PBXShellScriptBuildPhase section */

/* Begin PBXSourcesBuildPhase section */
		C2D788D91FCC396D00778993 /* Sources */ = {
			isa = PBXSourcesBuildPhase;
			buildActionMask = 2147483647;
			files = (
				C2268CCB1FCC3F3500C98EA7 /* ZZFLEXEditModel.m in Sources */,
				C26312011FE8B50D0022B2F8 /* ZZFLEXAngel+UITableView.m in Sources */,
				C282D0D71FEA3FE900559705 /* ZZFDGoodTitleView.m in Sources */,
				C2268CF41FCC3FF500C98EA7 /* ZZControlChainModel.m in Sources */,
				C282D0C91FEA2B2600559705 /* ZZFDGoodUserCell.m in Sources */,
				C263120E1FE8B5ED0022B2F8 /* ZZFlexibleLayoutSeperatorCell.m in Sources */,
				C2268CF21FCC3FF500C98EA7 /* ZZScrollViewChainModel.m in Sources */,
				C27E9F6E1FCE61DF0062C896 /* TLBadge.m in Sources */,
				C282D0BC1FEA14AD00559705 /* ZZFDGoodParamCell.m in Sources */,
				C27E9F651FCE61580062C896 /* TLMenuItem.m in Sources */,
				C2863A941FCCFB76008BC3C0 /* ZZFDAppDelegate.m in Sources */,
				C2863AA61FCD022B008BC3C0 /* ZZFDMainMenuCell.m in Sources */,
				C2268CAE1FCC3CFF00C98EA7 /* ZZFlexibleLayoutViewController+Kernel.m in Sources */,
				C2AC73371FE51FD400DABA11 /* ZZFDMainSectionTitleView.m in Sources */,
				C26311FF1FE8B50D0022B2F8 /* ZZFLEXAngel+UICollectionView.m in Sources */,
				C27E9F581FCE60E70062C896 /* TLMineViewController.m in Sources */,
				C27E9F501FCE609C0062C896 /* ZZFDGoodListCell.m in Sources */,
				C2268CF61FCC3FF500C98EA7 /* ZZBaseViewChainModel.m in Sources */,
				C263123C1FE8E7230022B2F8 /* ZZFDCateSectionView.m in Sources */,
				C282D0D41FEA3F5F00559705 /* ZZFDGoodRecCell.m in Sources */,
				C2268CF31FCC3FF500C98EA7 /* ZZImageViewChainModel.m in Sources */,
				C27E9F4F1FCE609C0062C896 /* ZZFDGoodListViewController.m in Sources */,
				C26312071FE8B5CC0022B2F8 /* ZZFlexibleLayoutSectionModel.m in Sources */,
				C26312321FE8B62A0022B2F8 /* ZZFLEXChainAllCellsEditModel.m in Sources */,
				C2351DC91FDBC2A400CFDE5B /* ZZTextFieldChainModel.m in Sources */,
				C27E9F5A1FCE60E70062C896 /* TLMineHeaderCell.m in Sources */,
				C26312001FE8B50D0022B2F8 /* ZZFLEXAngel+Private.m in Sources */,
				C282D0C21FEA1BCB00559705 /* ZZFDGoodSmallImageCell.m in Sources */,
				C27E9F721FCE63B40062C896 /* UIColor+ZZFD.m in Sources */,
				C282D0B91FEA0E1600559705 /* ZZFDGoodDetailCell.m in Sources */,
				C2268CFD1FCC40AE00C98EA7 /* UIControl+ZZEvent.m in Sources */,
				C29D37141FE7AFBA007236D8 /* ZZFDCateViewController.m in Sources */,
				C282D1061FEA5D8F00559705 /* ZZFDGoodCommitInputCell.m in Sources */,
				C2268D001FCC413800C98EA7 /* UIView+ZZFrame.m in Sources */,
				C2863A931FCCFB76008BC3C0 /* main.m in Sources */,
				C2AC73341FE51B2D00DABA11 /* ZZFDMainIntroduceCell.m in Sources */,
				C26312311FE8B62A0022B2F8 /* ZZFLEXChainViewArrayModel.m in Sources */,
				C26312081FE8B5CC0022B2F8 /* ZZFlexibleLayoutViewModel.m in Sources */,
				C282D0B61FEA0E0A00559705 /* ZZFDGoodSectionTitleCell.m in Sources */,
				C27E9F681FCE615F0062C896 /* TLMenuItemCell.m in Sources */,
				C204B2601FE2A42B007112F1 /* ZZFLEXAngel.m in Sources */,
				C282D0AE1FEA0C0700559705 /* ZZFDGoodReadCell.m in Sources */,
				C2268CEC1FCC3FF500C98EA7 /* UIView+ZZFLEX.m in Sources */,
				C2268CD31FCC3FDF00C98EA7 /* ZZFLEXRequestQueue.m in Sources */,
				C282D0BF1FEA1BBE00559705 /* ZZFDGoodBigImageCell.m in Sources */,
				C2268CCC1FCC3F3500C98EA7 /* ZZFlexibleLayoutViewController+EditExtension.m in Sources */,
				C2268CF11FCC3FF500C98EA7 /* ZZViewChainModel.m in Sources */,
				C2268CEE1FCC3FF500C98EA7 /* ZZCollectionViewChainModel.m in Sources */,
				C26312341FE8B62A0022B2F8 /* ZZFLEXChainViewModel.m in Sources */,
				C2268CEF1FCC3FF500C98EA7 /* ZZTableViewChainModel.m in Sources */,
				C26312331FE8B62A0022B2F8 /* ZZFLEXChainDataModel.m in Sources */,
				C2268D031FCC439A00C98EA7 /* UIButton+ZZExtension.m in Sources */,
				C27E9F4D1FCE609C0062C896 /* ZZFDGoodDetailViewController.m in Sources */,
				C282D0AF1FEA0C0700559705 /* ZZFDGoodAreaCell.m in Sources */,
				C27E9F6B1FCE61840062C896 /* TLUser.m in Sources */,
				C2268CF51FCC3FF500C98EA7 /* ZZSwitchChainModel.m in Sources */,
				C2268CA41FCC3CFF00C98EA7 /* ZZFlexibleLayoutViewController.m in Sources */,
				C2268CF01FCC3FF500C98EA7 /* ZZButtonChainModel.m in Sources */,
				C263120D1FE8B5ED0022B2F8 /* ZZFlexibleLayoutEmptyHeaderFooterView.m in Sources */,
				C26311F71FE8AF460022B2F8 /* ZZFLEXTableViewEmptyCell.m in Sources */,
				C282D0AC1FEA0C0700559705 /* ZZFDGoodTitleCell.m in Sources */,
				C282D0C51FEA281000559705 /* ZZFDImageMoreCell.m in Sources */,
				C263122F1FE8B62A0022B2F8 /* ZZFLEXChainCellEditModel.m in Sources */,
				C2268CED1FCC3FF500C98EA7 /* ZZLabelChainModel.m in Sources */,
				C26312391FE8BB360022B2F8 /* ZZFDCateModel.m in Sources */,
				C2863A9E1FCCFD52008BC3C0 /* ZZFDMainViewController.m in Sources */,
				C282D0AD1FEA0C0700559705 /* ZZFDGoodPriceCell.m in Sources */,
				C2268CAC1FCC3CFF00C98EA7 /* ZZFlexibleLayoutFlowLayout.m in Sources */,
				C2268CD21FCC3FDF00C98EA7 /* ZZFLEXRequestModel.m in Sources */,
				C2F8C83B1FDE6A1E0007B564 /* ZZFlexibleLayoutViewController+OldAPI.m in Sources */,
				C26312301FE8B62A0022B2F8 /* ZZFLEXChainSectionModel.m in Sources */,
				C263123F1FE8E9990022B2F8 /* ZZFDCateSectionItemCell.m in Sources */,
				C29D37171FE7B381007236D8 /* ZZFDCateMenuCell.m in Sources */,
				C282D1091FEA5D9A00559705 /* ZZFDGoodCommitCell.m in Sources */,
				C27E9F4E1FCE609C0062C896 /* ZZFDGoodListModel.m in Sources */,
				C2AC73311FE516DA00DABA11 /* ZZFDMainTitleView.m in Sources */,
				C282D0CD1FEA3AA600559705 /* ZZFDGoodCommitEmptyCell.m in Sources */,
			);
			runOnlyForDeploymentPostprocessing = 0;
		};
/* End PBXSourcesBuildPhase section */

/* Begin PBXVariantGroup section */
		C2863A991FCCFBA7008BC3C0 /* LaunchScreen.storyboard */ = {
			isa = PBXVariantGroup;
			children = (
				C2863A9A1FCCFBA7008BC3C0 /* Base */,
			);
			name = LaunchScreen.storyboard;
			sourceTree = "<group>";
		};
/* End PBXVariantGroup section */

/* Begin XCBuildConfiguration section */
		C2D788F11FCC396D00778993 /* Debug */ = {
			isa = XCBuildConfiguration;
			buildSettings = {
				ALWAYS_SEARCH_USER_PATHS = NO;
				CLANG_ANALYZER_NONNULL = YES;
				CLANG_ANALYZER_NUMBER_OBJECT_CONVERSION = YES_AGGRESSIVE;
				CLANG_CXX_LANGUAGE_STANDARD = "gnu++14";
				CLANG_CXX_LIBRARY = "libc++";
				CLANG_ENABLE_MODULES = YES;
				CLANG_ENABLE_OBJC_ARC = YES;
				CLANG_WARN_BLOCK_CAPTURE_AUTORELEASING = YES;
				CLANG_WARN_BOOL_CONVERSION = YES;
				CLANG_WARN_COMMA = YES;
				CLANG_WARN_CONSTANT_CONVERSION = YES;
				CLANG_WARN_DIRECT_OBJC_ISA_USAGE = YES_ERROR;
				CLANG_WARN_DOCUMENTATION_COMMENTS = YES;
				CLANG_WARN_EMPTY_BODY = YES;
				CLANG_WARN_ENUM_CONVERSION = YES;
				CLANG_WARN_INFINITE_RECURSION = YES;
				CLANG_WARN_INT_CONVERSION = YES;
				CLANG_WARN_NON_LITERAL_NULL_CONVERSION = YES;
				CLANG_WARN_OBJC_LITERAL_CONVERSION = YES;
				CLANG_WARN_OBJC_ROOT_CLASS = YES_ERROR;
				CLANG_WARN_RANGE_LOOP_ANALYSIS = YES;
				CLANG_WARN_STRICT_PROTOTYPES = YES;
				CLANG_WARN_SUSPICIOUS_MOVE = YES;
				CLANG_WARN_UNGUARDED_AVAILABILITY = YES_AGGRESSIVE;
				CLANG_WARN_UNREACHABLE_CODE = YES;
				CLANG_WARN__DUPLICATE_METHOD_MATCH = YES;
				CODE_SIGN_IDENTITY = "iPhone Developer";
				COPY_PHASE_STRIP = NO;
				DEBUG_INFORMATION_FORMAT = dwarf;
				ENABLE_STRICT_OBJC_MSGSEND = YES;
				ENABLE_TESTABILITY = YES;
				GCC_C_LANGUAGE_STANDARD = gnu11;
				GCC_DYNAMIC_NO_PIC = NO;
				GCC_NO_COMMON_BLOCKS = YES;
				GCC_OPTIMIZATION_LEVEL = 0;
				GCC_PREPROCESSOR_DEFINITIONS = (
					"DEBUG=1",
					"$(inherited)",
				);
				GCC_WARN_64_TO_32_BIT_CONVERSION = YES;
				GCC_WARN_ABOUT_RETURN_TYPE = YES_ERROR;
				GCC_WARN_UNDECLARED_SELECTOR = YES;
				GCC_WARN_UNINITIALIZED_AUTOS = YES_AGGRESSIVE;
				GCC_WARN_UNUSED_FUNCTION = YES;
				GCC_WARN_UNUSED_VARIABLE = YES;
				IPHONEOS_DEPLOYMENT_TARGET = 11.1;
				MTL_ENABLE_DEBUG_INFO = YES;
				ONLY_ACTIVE_ARCH = YES;
				SDKROOT = iphoneos;
			};
			name = Debug;
		};
		C2D788F21FCC396D00778993 /* Release */ = {
			isa = XCBuildConfiguration;
			buildSettings = {
				ALWAYS_SEARCH_USER_PATHS = NO;
				CLANG_ANALYZER_NONNULL = YES;
				CLANG_ANALYZER_NUMBER_OBJECT_CONVERSION = YES_AGGRESSIVE;
				CLANG_CXX_LANGUAGE_STANDARD = "gnu++14";
				CLANG_CXX_LIBRARY = "libc++";
				CLANG_ENABLE_MODULES = YES;
				CLANG_ENABLE_OBJC_ARC = YES;
				CLANG_WARN_BLOCK_CAPTURE_AUTORELEASING = YES;
				CLANG_WARN_BOOL_CONVERSION = YES;
				CLANG_WARN_COMMA = YES;
				CLANG_WARN_CONSTANT_CONVERSION = YES;
				CLANG_WARN_DIRECT_OBJC_ISA_USAGE = YES_ERROR;
				CLANG_WARN_DOCUMENTATION_COMMENTS = YES;
				CLANG_WARN_EMPTY_BODY = YES;
				CLANG_WARN_ENUM_CONVERSION = YES;
				CLANG_WARN_INFINITE_RECURSION = YES;
				CLANG_WARN_INT_CONVERSION = YES;
				CLANG_WARN_NON_LITERAL_NULL_CONVERSION = YES;
				CLANG_WARN_OBJC_LITERAL_CONVERSION = YES;
				CLANG_WARN_OBJC_ROOT_CLASS = YES_ERROR;
				CLANG_WARN_RANGE_LOOP_ANALYSIS = YES;
				CLANG_WARN_STRICT_PROTOTYPES = YES;
				CLANG_WARN_SUSPICIOUS_MOVE = YES;
				CLANG_WARN_UNGUARDED_AVAILABILITY = YES_AGGRESSIVE;
				CLANG_WARN_UNREACHABLE_CODE = YES;
				CLANG_WARN__DUPLICATE_METHOD_MATCH = YES;
				CODE_SIGN_IDENTITY = "iPhone Developer";
				COPY_PHASE_STRIP = NO;
				DEBUG_INFORMATION_FORMAT = "dwarf-with-dsym";
				ENABLE_NS_ASSERTIONS = NO;
				ENABLE_STRICT_OBJC_MSGSEND = YES;
				GCC_C_LANGUAGE_STANDARD = gnu11;
				GCC_NO_COMMON_BLOCKS = YES;
				GCC_WARN_64_TO_32_BIT_CONVERSION = YES;
				GCC_WARN_ABOUT_RETURN_TYPE = YES_ERROR;
				GCC_WARN_UNDECLARED_SELECTOR = YES;
				GCC_WARN_UNINITIALIZED_AUTOS = YES_AGGRESSIVE;
				GCC_WARN_UNUSED_FUNCTION = YES;
				GCC_WARN_UNUSED_VARIABLE = YES;
				IPHONEOS_DEPLOYMENT_TARGET = 11.1;
				MTL_ENABLE_DEBUG_INFO = NO;
				SDKROOT = iphoneos;
				VALIDATE_PRODUCT = YES;
			};
			name = Release;
		};
		C2D788F41FCC396D00778993 /* Debug */ = {
			isa = XCBuildConfiguration;
			baseConfigurationReference = 9440C1BF2DD4CF4BDDF729E6 /* Pods-ZZFLEXDemo.debug.xcconfig */;
			buildSettings = {
				ASSETCATALOG_COMPILER_APPICON_NAME = AppIcon;
				CODE_SIGN_STYLE = Automatic;
				DEVELOPMENT_TEAM = 8ZE6MPGQ6N;
				GCC_PREFIX_HEADER = "$(SRCROOT)/ZZFLEXDemo/ZZFDPrefixHeader.pch";
				INFOPLIST_FILE = ZZFLEXDemo/Info.plist;
				IPHONEOS_DEPLOYMENT_TARGET = 8.0;
				LD_RUNPATH_SEARCH_PATHS = "$(inherited) @executable_path/Frameworks";
				PRODUCT_BUNDLE_IDENTIFIER = com.lbk.zzflex;
				PRODUCT_NAME = "$(TARGET_NAME)";
				TARGETED_DEVICE_FAMILY = "1,2";
			};
			name = Debug;
		};
		C2D788F51FCC396D00778993 /* Release */ = {
			isa = XCBuildConfiguration;
			baseConfigurationReference = 90A4ADBAF45856FF582ACE2C /* Pods-ZZFLEXDemo.release.xcconfig */;
			buildSettings = {
				ASSETCATALOG_COMPILER_APPICON_NAME = AppIcon;
				CODE_SIGN_STYLE = Automatic;
				DEVELOPMENT_TEAM = 8ZE6MPGQ6N;
				GCC_PREFIX_HEADER = "$(SRCROOT)/ZZFLEXDemo/ZZFDPrefixHeader.pch";
				INFOPLIST_FILE = ZZFLEXDemo/Info.plist;
				IPHONEOS_DEPLOYMENT_TARGET = 8.0;
				LD_RUNPATH_SEARCH_PATHS = "$(inherited) @executable_path/Frameworks";
				PRODUCT_BUNDLE_IDENTIFIER = com.lbk.zzflex;
				PRODUCT_NAME = "$(TARGET_NAME)";
				TARGETED_DEVICE_FAMILY = "1,2";
			};
			name = Release;
		};
/* End XCBuildConfiguration section */

/* Begin XCConfigurationList section */
		C2D788D81FCC396D00778993 /* Build configuration list for PBXProject "ZZFLEXDemo" */ = {
			isa = XCConfigurationList;
			buildConfigurations = (
				C2D788F11FCC396D00778993 /* Debug */,
				C2D788F21FCC396D00778993 /* Release */,
			);
			defaultConfigurationIsVisible = 0;
			defaultConfigurationName = Release;
		};
		C2D788F31FCC396D00778993 /* Build configuration list for PBXNativeTarget "ZZFLEXDemo" */ = {
			isa = XCConfigurationList;
			buildConfigurations = (
				C2D788F41FCC396D00778993 /* Debug */,
				C2D788F51FCC396D00778993 /* Release */,
			);
			defaultConfigurationIsVisible = 0;
			defaultConfigurationName = Release;
		};
/* End XCConfigurationList section */
	};
	rootObject = C2D788D51FCC396D00778993 /* Project object */;
}
