// !$*UTF8*$!
{
	archiveVersion = 1;
	classes = {
	};
	objectVersion = 48;
	objects = {

/* Begin PBXBuildFile section */
		C2268CA41FCC3CFF00C98EA7 /* ZZFlexibleLayoutViewController.m in Sources */ = {isa = PBXBuildFile; fileRef = C2268C6B1FCC3CFF00C98EA7 /* ZZFlexibleLayoutViewController.m */; };
		C2268CA51FCC3CFF00C98EA7 /* ZZFlexibleLayoutSeperatorCell.m in Sources */ = {isa = PBXBuildFile; fileRef = C2268C6D1FCC3CFF00C98EA7 /* ZZFlexibleLayoutSeperatorCell.m */; };
		C2268CA71FCC3CFF00C98EA7 /* ZZFLEXChainSectionModel.m in Sources */ = {isa = PBXBuildFile; fileRef = C2268C721FCC3CFF00C98EA7 /* ZZFLEXChainSectionModel.m */; };
		C2268CA81FCC3CFF00C98EA7 /* ZZFLEXChainViewArrayModel.m in Sources */ = {isa = PBXBuildFile; fileRef = C2268C741FCC3CFF00C98EA7 /* ZZFLEXChainViewArrayModel.m */; };
		C2268CA91FCC3CFF00C98EA7 /* ZZFLEXChainViewModel.m in Sources */ = {isa = PBXBuildFile; fileRef = C2268C771FCC3CFF00C98EA7 /* ZZFLEXChainViewModel.m */; };
		C2268CAB1FCC3CFF00C98EA7 /* ZZFlexibleLayoutSectionModel.m in Sources */ = {isa = PBXBuildFile; fileRef = C2268C7E1FCC3CFF00C98EA7 /* ZZFlexibleLayoutSectionModel.m */; };
		C2268CAC1FCC3CFF00C98EA7 /* ZZFlexibleLayoutFlowLayout.m in Sources */ = {isa = PBXBuildFile; fileRef = C2268C7F1FCC3CFF00C98EA7 /* ZZFlexibleLayoutFlowLayout.m */; };
		C2268CAD1FCC3CFF00C98EA7 /* ZZFlexibleLayoutViewModel.m in Sources */ = {isa = PBXBuildFile; fileRef = C2268C801FCC3CFF00C98EA7 /* ZZFlexibleLayoutViewModel.m */; };
		C2268CAE1FCC3CFF00C98EA7 /* ZZFlexibleLayoutViewController+Kernel.m in Sources */ = {isa = PBXBuildFile; fileRef = C2268C811FCC3CFF00C98EA7 /* ZZFlexibleLayoutViewController+Kernel.m */; };
		C2268CCB1FCC3F3500C98EA7 /* ZZFLEXEditModel.m in Sources */ = {isa = PBXBuildFile; fileRef = C2268CC61FCC3F3500C98EA7 /* ZZFLEXEditModel.m */; };
		C2268CCC1FCC3F3500C98EA7 /* ZZFlexibleLayoutViewController+EditExtension.m in Sources */ = {isa = PBXBuildFile; fileRef = C2268CC71FCC3F3500C98EA7 /* ZZFlexibleLayoutViewController+EditExtension.m */; };
		C2268CD21FCC3FDF00C98EA7 /* ZZFLEXRequestModel.m in Sources */ = {isa = PBXBuildFile; fileRef = C2268CCE1FCC3FDF00C98EA7 /* ZZFLEXRequestModel.m */; };
		C2268CD31FCC3FDF00C98EA7 /* ZZFLEXRequestQueue.m in Sources */ = {isa = PBXBuildFile; fileRef = C2268CCF1FCC3FDF00C98EA7 /* ZZFLEXRequestQueue.m */; };
		C2268CEC1FCC3FF500C98EA7 /* UIView+ZZFLEX.m in Sources */ = {isa = PBXBuildFile; fileRef = C2268CD51FCC3FF500C98EA7 /* UIView+ZZFLEX.m */; };
		C2268CED1FCC3FF500C98EA7 /* ZZLabelChainModel.m in Sources */ = {isa = PBXBuildFile; fileRef = C2268CD91FCC3FF500C98EA7 /* ZZLabelChainModel.m */; };
		C2268CEE1FCC3FF500C98EA7 /* ZZCollectionViewChainModel.m in Sources */ = {isa = PBXBuildFile; fileRef = C2268CDA1FCC3FF500C98EA7 /* ZZCollectionViewChainModel.m */; };
		C2268CEF1FCC3FF500C98EA7 /* ZZTableViewChainModel.m in Sources */ = {isa = PBXBuildFile; fileRef = C2268CDF1FCC3FF500C98EA7 /* ZZTableViewChainModel.m */; };
		C2268CF01FCC3FF500C98EA7 /* ZZButtonChainModel.m in Sources */ = {isa = PBXBuildFile; fileRef = C2268CE31FCC3FF500C98EA7 /* ZZButtonChainModel.m */; };
		C2268CF11FCC3FF500C98EA7 /* ZZViewChainModel.m in Sources */ = {isa = PBXBuildFile; fileRef = C2268CE51FCC3FF500C98EA7 /* ZZViewChainModel.m */; };
		C2268CF21FCC3FF500C98EA7 /* ZZScrollViewChainModel.m in Sources */ = {isa = PBXBuildFile; fileRef = C2268CE61FCC3FF500C98EA7 /* ZZScrollViewChainModel.m */; };
		C2268CF31FCC3FF500C98EA7 /* ZZImageViewChainModel.m in Sources */ = {isa = PBXBuildFile; fileRef = C2268CE71FCC3FF500C98EA7 /* ZZImageViewChainModel.m */; };
		C2268CF41FCC3FF500C98EA7 /* ZZControlChainModel.m in Sources */ = {isa = PBXBuildFile; fileRef = C2268CE81FCC3FF500C98EA7 /* ZZControlChainModel.m */; };
		C2268CF51FCC3FF500C98EA7 /* ZZSwitchChainModel.m in Sources */ = {isa = PBXBuildFile; fileRef = C2268CEA1FCC3FF500C98EA7 /* ZZSwitchChainModel.m */; };
		C2268CF61FCC3FF500C98EA7 /* ZZBaseViewChainModel.m in Sources */ = {isa = PBXBuildFile; fileRef = C2268CEB1FCC3FF500C98EA7 /* ZZBaseViewChainModel.m */; };
		C2268CFD1FCC40AE00C98EA7 /* UIControl+ZZEvent.m in Sources */ = {isa = PBXBuildFile; fileRef = C2268CFC1FCC40AE00C98EA7 /* UIControl+ZZEvent.m */; };
		C2268D001FCC413800C98EA7 /* UIView+ZZFrame.m in Sources */ = {isa = PBXBuildFile; fileRef = C2268CFF1FCC413800C98EA7 /* UIView+ZZFrame.m */; };
		C2268D031FCC439A00C98EA7 /* UIButton+ZZExtension.m in Sources */ = {isa = PBXBuildFile; fileRef = C2268D021FCC439A00C98EA7 /* UIButton+ZZExtension.m */; };
		C2351DC91FDBC2A400CFDE5B /* ZZTextFieldChainModel.m in Sources */ = {isa = PBXBuildFile; fileRef = C2351DC81FDBC2A400CFDE5B /* ZZTextFieldChainModel.m */; };
		C27E9F4D1FCE609C0062C896 /* ZZFDGoodDetailViewController.m in Sources */ = {isa = PBXBuildFile; fileRef = C27E9F411FCE609C0062C896 /* ZZFDGoodDetailViewController.m */; };
		C27E9F4E1FCE609C0062C896 /* ZZFDGoodListModel.m in Sources */ = {isa = PBXBuildFile; fileRef = C27E9F471FCE609C0062C896 /* ZZFDGoodListModel.m */; };
		C27E9F4F1FCE609C0062C896 /* ZZFDGoodListViewController.m in Sources */ = {isa = PBXBuildFile; fileRef = C27E9F481FCE609C0062C896 /* ZZFDGoodListViewController.m */; };
		C27E9F501FCE609C0062C896 /* ZZFDGoodListCell.m in Sources */ = {isa = PBXBuildFile; fileRef = C27E9F4B1FCE609C0062C896 /* ZZFDGoodListCell.m */; };
		C27E9F581FCE60E70062C896 /* TLMineViewController.m in Sources */ = {isa = PBXBuildFile; fileRef = C27E9F521FCE60E70062C896 /* TLMineViewController.m */; };
		C27E9F5A1FCE60E70062C896 /* TLMineHeaderCell.m in Sources */ = {isa = PBXBuildFile; fileRef = C27E9F561FCE60E70062C896 /* TLMineHeaderCell.m */; };
		C27E9F651FCE61580062C896 /* TLMenuItem.m in Sources */ = {isa = PBXBuildFile; fileRef = C27E9F641FCE61580062C896 /* TLMenuItem.m */; };
		C27E9F681FCE615F0062C896 /* TLMenuItemCell.m in Sources */ = {isa = PBXBuildFile; fileRef = C27E9F671FCE615F0062C896 /* TLMenuItemCell.m */; };
		C27E9F6B1FCE61840062C896 /* TLUser.m in Sources */ = {isa = PBXBuildFile; fileRef = C27E9F691FCE61840062C896 /* TLUser.m */; };
		C27E9F6E1FCE61DF0062C896 /* TLBadge.m in Sources */ = {isa = PBXBuildFile; fileRef = C27E9F6D1FCE61DF0062C896 /* TLBadge.m */; };
		C27E9F721FCE63B40062C896 /* UIColor+ZZFD.m in Sources */ = {isa = PBXBuildFile; fileRef = C27E9F711FCE63B40062C896 /* UIColor+ZZFD.m */; };
		C27E9F751FCE64C20062C896 /* Mine.xcassets in Resources */ = {isa = PBXBuildFile; fileRef = C27E9F741FCE64C20062C896 /* Mine.xcassets */; };
		C27E9F781FCE84E40062C896 /* ZZGood.xcassets in Resources */ = {isa = PBXBuildFile; fileRef = C27E9F771FCE84E40062C896 /* ZZGood.xcassets */; };
		C2863A921FCCFB76008BC3C0 /* Assets.xcassets in Resources */ = {isa = PBXBuildFile; fileRef = C2863A8E1FCCFB76008BC3C0 /* Assets.xcassets */; };
		C2863A931FCCFB76008BC3C0 /* main.m in Sources */ = {isa = PBXBuildFile; fileRef = C2863A8F1FCCFB76008BC3C0 /* main.m */; };
		C2863A941FCCFB76008BC3C0 /* ZZFDAppDelegate.m in Sources */ = {isa = PBXBuildFile; fileRef = C2863A901FCCFB76008BC3C0 /* ZZFDAppDelegate.m */; };
		C2863A9B1FCCFBA7008BC3C0 /* LaunchScreen.storyboard in Resources */ = {isa = PBXBuildFile; fileRef = C2863A991FCCFBA7008BC3C0 /* LaunchScreen.storyboard */; };
		C2863A9E1FCCFD52008BC3C0 /* ZZFDMainViewController.m in Sources */ = {isa = PBXBuildFile; fileRef = C2863A9D1FCCFD52008BC3C0 /* ZZFDMainViewController.m */; };
		C2863AA11FCCFEAA008BC3C0 /* ZZFlexibleLayoutEmptyHeaderFooterView.m in Sources */ = {isa = PBXBuildFile; fileRef = C2863A9F1FCCFEAA008BC3C0 /* ZZFlexibleLayoutEmptyHeaderFooterView.m */; };
		C2863AA61FCD022B008BC3C0 /* ZZFDMainMenuCell.m in Sources */ = {isa = PBXBuildFile; fileRef = C2863AA51FCD022B008BC3C0 /* ZZFDMainMenuCell.m */; };
		C2863AA91FCD0B9D008BC3C0 /* ZZFDMainIntroduceHeader.m in Sources */ = {isa = PBXBuildFile; fileRef = C2863AA81FCD0B9D008BC3C0 /* ZZFDMainIntroduceHeader.m */; };
		C2863AAC1FCD7436008BC3C0 /* ZZFDADCell.m in Sources */ = {isa = PBXBuildFile; fileRef = C2863AAB1FCD7436008BC3C0 /* ZZFDADCell.m */; };
		C2F8C83B1FDE6A1E0007B564 /* ZZFlexibleLayoutViewController+OldAPI.m in Sources */ = {isa = PBXBuildFile; fileRef = C2F8C83A1FDE6A1E0007B564 /* ZZFlexibleLayoutViewController+OldAPI.m */; };
		C4CA8820EC31BF20D47A333A /* libPods-ZZFLEXDemo.a in Frameworks */ = {isa = PBXBuildFile; fileRef = 6E3B3E00F40C25E980C181EA /* libPods-ZZFLEXDemo.a */; };
/* End PBXBuildFile section */

/* Begin PBXFileReference section */
		6E3B3E00F40C25E980C181EA /* libPods-ZZFLEXDemo.a */ = {isa = PBXFileReference; explicitFileType = archive.ar; includeInIndex = 0; path = "libPods-ZZFLEXDemo.a"; sourceTree = BUILT_PRODUCTS_DIR; };
		90A4ADBAF45856FF582ACE2C /* Pods-ZZFLEXDemo.release.xcconfig */ = {isa = PBXFileReference; includeInIndex = 1; lastKnownFileType = text.xcconfig; name = "Pods-ZZFLEXDemo.release.xcconfig"; path = "Pods/Target Support Files/Pods-ZZFLEXDemo/Pods-ZZFLEXDemo.release.xcconfig"; sourceTree = "<group>"; };
		9440C1BF2DD4CF4BDDF729E6 /* Pods-ZZFLEXDemo.debug.xcconfig */ = {isa = PBXFileReference; includeInIndex = 1; lastKnownFileType = text.xcconfig; name = "Pods-ZZFLEXDemo.debug.xcconfig"; path = "Pods/Target Support Files/Pods-ZZFLEXDemo/Pods-ZZFLEXDemo.debug.xcconfig"; sourceTree = "<group>"; };
		C2268C681FCC3CFF00C98EA7 /* ZZFlexibleLayoutFramework.h */ = {isa = PBXFileReference; fileEncoding = 4; lastKnownFileType = sourcecode.c.h; path = ZZFlexibleLayoutFramework.h; sourceTree = "<group>"; };
		C2268C6A1FCC3CFF00C98EA7 /* ZZFlexibleLayoutViewProtocol.h */ = {isa = PBXFileReference; fileEncoding = 4; lastKnownFileType = sourcecode.c.h; path = ZZFlexibleLayoutViewProtocol.h; sourceTree = "<group>"; };
		C2268C6B1FCC3CFF00C98EA7 /* ZZFlexibleLayoutViewController.m */ = {isa = PBXFileReference; fileEncoding = 4; lastKnownFileType = sourcecode.c.objc; path = ZZFlexibleLayoutViewController.m; sourceTree = "<group>"; };
		C2268C6D1FCC3CFF00C98EA7 /* ZZFlexibleLayoutSeperatorCell.m */ = {isa = PBXFileReference; fileEncoding = 4; lastKnownFileType = sourcecode.c.objc; path = ZZFlexibleLayoutSeperatorCell.m; sourceTree = "<group>"; };
		C2268C6E1FCC3CFF00C98EA7 /* ZZFlexibleLayoutSeperatorCell.h */ = {isa = PBXFileReference; fileEncoding = 4; lastKnownFileType = sourcecode.c.h; path = ZZFlexibleLayoutSeperatorCell.h; sourceTree = "<group>"; };
		C2268C721FCC3CFF00C98EA7 /* ZZFLEXChainSectionModel.m */ = {isa = PBXFileReference; fileEncoding = 4; lastKnownFileType = sourcecode.c.objc; path = ZZFLEXChainSectionModel.m; sourceTree = "<group>"; };
		C2268C731FCC3CFF00C98EA7 /* ZZFLEXChainViewModel.h */ = {isa = PBXFileReference; fileEncoding = 4; lastKnownFileType = sourcecode.c.h; path = ZZFLEXChainViewModel.h; sourceTree = "<group>"; };
		C2268C741FCC3CFF00C98EA7 /* ZZFLEXChainViewArrayModel.m */ = {isa = PBXFileReference; fileEncoding = 4; lastKnownFileType = sourcecode.c.objc; path = ZZFLEXChainViewArrayModel.m; sourceTree = "<group>"; };
		C2268C751FCC3CFF00C98EA7 /* ZZFLEXChainSectionModel.h */ = {isa = PBXFileReference; fileEncoding = 4; lastKnownFileType = sourcecode.c.h; path = ZZFLEXChainSectionModel.h; sourceTree = "<group>"; };
		C2268C761FCC3CFF00C98EA7 /* ZZFLEXChainViewArrayModel.h */ = {isa = PBXFileReference; fileEncoding = 4; lastKnownFileType = sourcecode.c.h; path = ZZFLEXChainViewArrayModel.h; sourceTree = "<group>"; };
		C2268C771FCC3CFF00C98EA7 /* ZZFLEXChainViewModel.m */ = {isa = PBXFileReference; fileEncoding = 4; lastKnownFileType = sourcecode.c.objc; path = ZZFLEXChainViewModel.m; sourceTree = "<group>"; };
		C2268C791FCC3CFF00C98EA7 /* ZZFlexibleLayoutSectionModel.h */ = {isa = PBXFileReference; fileEncoding = 4; lastKnownFileType = sourcecode.c.h; path = ZZFlexibleLayoutSectionModel.h; sourceTree = "<group>"; };
		C2268C7A1FCC3CFF00C98EA7 /* ZZFlexibleLayoutFlowLayout.h */ = {isa = PBXFileReference; fileEncoding = 4; lastKnownFileType = sourcecode.c.h; path = ZZFlexibleLayoutFlowLayout.h; sourceTree = "<group>"; };
		C2268C7B1FCC3CFF00C98EA7 /* ZZFlexibleLayoutViewModel.h */ = {isa = PBXFileReference; fileEncoding = 4; lastKnownFileType = sourcecode.c.h; path = ZZFlexibleLayoutViewModel.h; sourceTree = "<group>"; };
		C2268C7D1FCC3CFF00C98EA7 /* ZZFlexibleLayoutViewController+Kernel.h */ = {isa = PBXFileReference; fileEncoding = 4; lastKnownFileType = sourcecode.c.h; path = "ZZFlexibleLayoutViewController+Kernel.h"; sourceTree = "<group>"; };
		C2268C7E1FCC3CFF00C98EA7 /* ZZFlexibleLayoutSectionModel.m */ = {isa = PBXFileReference; fileEncoding = 4; lastKnownFileType = sourcecode.c.objc; path = ZZFlexibleLayoutSectionModel.m; sourceTree = "<group>"; };
		C2268C7F1FCC3CFF00C98EA7 /* ZZFlexibleLayoutFlowLayout.m */ = {isa = PBXFileReference; fileEncoding = 4; lastKnownFileType = sourcecode.c.objc; path = ZZFlexibleLayoutFlowLayout.m; sourceTree = "<group>"; };
		C2268C801FCC3CFF00C98EA7 /* ZZFlexibleLayoutViewModel.m */ = {isa = PBXFileReference; fileEncoding = 4; lastKnownFileType = sourcecode.c.objc; path = ZZFlexibleLayoutViewModel.m; sourceTree = "<group>"; };
		C2268C811FCC3CFF00C98EA7 /* ZZFlexibleLayoutViewController+Kernel.m */ = {isa = PBXFileReference; fileEncoding = 4; lastKnownFileType = sourcecode.c.objc; path = "ZZFlexibleLayoutViewController+Kernel.m"; sourceTree = "<group>"; };
		C2268C841FCC3CFF00C98EA7 /* ZZFlexibleLayoutViewController.h */ = {isa = PBXFileReference; fileEncoding = 4; lastKnownFileType = sourcecode.c.h; path = ZZFlexibleLayoutViewController.h; sourceTree = "<group>"; };
		C2268CBD1FCC3D7B00C98EA7 /* ZZFLEXMacros.h */ = {isa = PBXFileReference; lastKnownFileType = sourcecode.c.h; path = ZZFLEXMacros.h; sourceTree = "<group>"; };
		C2268CC61FCC3F3500C98EA7 /* ZZFLEXEditModel.m */ = {isa = PBXFileReference; fileEncoding = 4; lastKnownFileType = sourcecode.c.objc; path = ZZFLEXEditModel.m; sourceTree = "<group>"; };
		C2268CC71FCC3F3500C98EA7 /* ZZFlexibleLayoutViewController+EditExtension.m */ = {isa = PBXFileReference; fileEncoding = 4; lastKnownFileType = sourcecode.c.objc; path = "ZZFlexibleLayoutViewController+EditExtension.m"; sourceTree = "<group>"; };
		C2268CC81FCC3F3500C98EA7 /* ZZFLEXEditModelProtocol.h */ = {isa = PBXFileReference; fileEncoding = 4; lastKnownFileType = sourcecode.c.h; path = ZZFLEXEditModelProtocol.h; sourceTree = "<group>"; };
		C2268CC91FCC3F3500C98EA7 /* ZZFLEXEditModel.h */ = {isa = PBXFileReference; fileEncoding = 4; lastKnownFileType = sourcecode.c.h; path = ZZFLEXEditModel.h; sourceTree = "<group>"; };
		C2268CCA1FCC3F3500C98EA7 /* ZZFlexibleLayoutViewController+EditExtension.h */ = {isa = PBXFileReference; fileEncoding = 4; lastKnownFileType = sourcecode.c.h; path = "ZZFlexibleLayoutViewController+EditExtension.h"; sourceTree = "<group>"; };
		C2268CCE1FCC3FDF00C98EA7 /* ZZFLEXRequestModel.m */ = {isa = PBXFileReference; fileEncoding = 4; lastKnownFileType = sourcecode.c.objc; path = ZZFLEXRequestModel.m; sourceTree = "<group>"; };
		C2268CCF1FCC3FDF00C98EA7 /* ZZFLEXRequestQueue.m */ = {isa = PBXFileReference; fileEncoding = 4; lastKnownFileType = sourcecode.c.objc; path = ZZFLEXRequestQueue.m; sourceTree = "<group>"; };
		C2268CD01FCC3FDF00C98EA7 /* ZZFLEXRequestModel.h */ = {isa = PBXFileReference; fileEncoding = 4; lastKnownFileType = sourcecode.c.h; path = ZZFLEXRequestModel.h; sourceTree = "<group>"; };
		C2268CD11FCC3FDF00C98EA7 /* ZZFLEXRequestQueue.h */ = {isa = PBXFileReference; fileEncoding = 4; lastKnownFileType = sourcecode.c.h; path = ZZFLEXRequestQueue.h; sourceTree = "<group>"; };
		C2268CD51FCC3FF500C98EA7 /* UIView+ZZFLEX.m */ = {isa = PBXFileReference; fileEncoding = 4; lastKnownFileType = sourcecode.c.objc; path = "UIView+ZZFLEX.m"; sourceTree = "<group>"; };
		C2268CD61FCC3FF500C98EA7 /* UIView+ZZFLEX.h */ = {isa = PBXFileReference; fileEncoding = 4; lastKnownFileType = sourcecode.c.h; path = "UIView+ZZFLEX.h"; sourceTree = "<group>"; };
		C2268CD81FCC3FF500C98EA7 /* ZZButtonChainModel.h */ = {isa = PBXFileReference; fileEncoding = 4; lastKnownFileType = sourcecode.c.h; path = ZZButtonChainModel.h; sourceTree = "<group>"; };
		C2268CD91FCC3FF500C98EA7 /* ZZLabelChainModel.m */ = {isa = PBXFileReference; fileEncoding = 4; lastKnownFileType = sourcecode.c.objc; path = ZZLabelChainModel.m; sourceTree = "<group>"; };
		C2268CDA1FCC3FF500C98EA7 /* ZZCollectionViewChainModel.m */ = {isa = PBXFileReference; fileEncoding = 4; lastKnownFileType = sourcecode.c.objc; path = ZZCollectionViewChainModel.m; sourceTree = "<group>"; };
		C2268CDB1FCC3FF500C98EA7 /* ZZControlChainModel.h */ = {isa = PBXFileReference; fileEncoding = 4; lastKnownFileType = sourcecode.c.h; path = ZZControlChainModel.h; sourceTree = "<group>"; };
		C2268CDC1FCC3FF500C98EA7 /* ZZImageViewChainModel.h */ = {isa = PBXFileReference; fileEncoding = 4; lastKnownFileType = sourcecode.c.h; path = ZZImageViewChainModel.h; sourceTree = "<group>"; };
		C2268CDD1FCC3FF500C98EA7 /* ZZScrollViewChainModel.h */ = {isa = PBXFileReference; fileEncoding = 4; lastKnownFileType = sourcecode.c.h; path = ZZScrollViewChainModel.h; sourceTree = "<group>"; };
		C2268CDE1FCC3FF500C98EA7 /* ZZViewChainModel.h */ = {isa = PBXFileReference; fileEncoding = 4; lastKnownFileType = sourcecode.c.h; path = ZZViewChainModel.h; sourceTree = "<group>"; };
		C2268CDF1FCC3FF500C98EA7 /* ZZTableViewChainModel.m */ = {isa = PBXFileReference; fileEncoding = 4; lastKnownFileType = sourcecode.c.objc; path = ZZTableViewChainModel.m; sourceTree = "<group>"; };
		C2268CE01FCC3FF500C98EA7 /* ZZSwitchChainModel.h */ = {isa = PBXFileReference; fileEncoding = 4; lastKnownFileType = sourcecode.c.h; path = ZZSwitchChainModel.h; sourceTree = "<group>"; };
		C2268CE11FCC3FF500C98EA7 /* ZZBaseViewChainModel.h */ = {isa = PBXFileReference; fileEncoding = 4; lastKnownFileType = sourcecode.c.h; path = ZZBaseViewChainModel.h; sourceTree = "<group>"; };
		C2268CE21FCC3FF500C98EA7 /* ZZCollectionViewChainModel.h */ = {isa = PBXFileReference; fileEncoding = 4; lastKnownFileType = sourcecode.c.h; path = ZZCollectionViewChainModel.h; sourceTree = "<group>"; };
		C2268CE31FCC3FF500C98EA7 /* ZZButtonChainModel.m */ = {isa = PBXFileReference; fileEncoding = 4; lastKnownFileType = sourcecode.c.objc; path = ZZButtonChainModel.m; sourceTree = "<group>"; };
		C2268CE41FCC3FF500C98EA7 /* ZZLabelChainModel.h */ = {isa = PBXFileReference; fileEncoding = 4; lastKnownFileType = sourcecode.c.h; path = ZZLabelChainModel.h; sourceTree = "<group>"; };
		C2268CE51FCC3FF500C98EA7 /* ZZViewChainModel.m */ = {isa = PBXFileReference; fileEncoding = 4; lastKnownFileType = sourcecode.c.objc; path = ZZViewChainModel.m; sourceTree = "<group>"; };
		C2268CE61FCC3FF500C98EA7 /* ZZScrollViewChainModel.m */ = {isa = PBXFileReference; fileEncoding = 4; lastKnownFileType = sourcecode.c.objc; path = ZZScrollViewChainModel.m; sourceTree = "<group>"; };
		C2268CE71FCC3FF500C98EA7 /* ZZImageViewChainModel.m */ = {isa = PBXFileReference; fileEncoding = 4; lastKnownFileType = sourcecode.c.objc; path = ZZImageViewChainModel.m; sourceTree = "<group>"; };
		C2268CE81FCC3FF500C98EA7 /* ZZControlChainModel.m */ = {isa = PBXFileReference; fileEncoding = 4; lastKnownFileType = sourcecode.c.objc; path = ZZControlChainModel.m; sourceTree = "<group>"; };
		C2268CE91FCC3FF500C98EA7 /* ZZTableViewChainModel.h */ = {isa = PBXFileReference; fileEncoding = 4; lastKnownFileType = sourcecode.c.h; path = ZZTableViewChainModel.h; sourceTree = "<group>"; };
		C2268CEA1FCC3FF500C98EA7 /* ZZSwitchChainModel.m */ = {isa = PBXFileReference; fileEncoding = 4; lastKnownFileType = sourcecode.c.objc; path = ZZSwitchChainModel.m; sourceTree = "<group>"; };
		C2268CEB1FCC3FF500C98EA7 /* ZZBaseViewChainModel.m */ = {isa = PBXFileReference; fileEncoding = 4; lastKnownFileType = sourcecode.c.objc; path = ZZBaseViewChainModel.m; sourceTree = "<group>"; };
		C2268CFB1FCC40AE00C98EA7 /* UIControl+ZZEvent.h */ = {isa = PBXFileReference; lastKnownFileType = sourcecode.c.h; path = "UIControl+ZZEvent.h"; sourceTree = "<group>"; };
		C2268CFC1FCC40AE00C98EA7 /* UIControl+ZZEvent.m */ = {isa = PBXFileReference; lastKnownFileType = sourcecode.c.objc; path = "UIControl+ZZEvent.m"; sourceTree = "<group>"; };
		C2268CFE1FCC413800C98EA7 /* UIView+ZZFrame.h */ = {isa = PBXFileReference; lastKnownFileType = sourcecode.c.h; path = "UIView+ZZFrame.h"; sourceTree = "<group>"; };
		C2268CFF1FCC413800C98EA7 /* UIView+ZZFrame.m */ = {isa = PBXFileReference; lastKnownFileType = sourcecode.c.objc; path = "UIView+ZZFrame.m"; sourceTree = "<group>"; };
		C2268D011FCC439A00C98EA7 /* UIButton+ZZExtension.h */ = {isa = PBXFileReference; lastKnownFileType = sourcecode.c.h; path = "UIButton+ZZExtension.h"; sourceTree = "<group>"; };
		C2268D021FCC439A00C98EA7 /* UIButton+ZZExtension.m */ = {isa = PBXFileReference; lastKnownFileType = sourcecode.c.objc; path = "UIButton+ZZExtension.m"; sourceTree = "<group>"; };
		C2351DC71FDBC2A400CFDE5B /* ZZTextFieldChainModel.h */ = {isa = PBXFileReference; lastKnownFileType = sourcecode.c.h; path = ZZTextFieldChainModel.h; sourceTree = "<group>"; };
		C2351DC81FDBC2A400CFDE5B /* ZZTextFieldChainModel.m */ = {isa = PBXFileReference; lastKnownFileType = sourcecode.c.objc; path = ZZTextFieldChainModel.m; sourceTree = "<group>"; };
		C27E9F411FCE609C0062C896 /* ZZFDGoodDetailViewController.m */ = {isa = PBXFileReference; fileEncoding = 4; lastKnownFileType = sourcecode.c.objc; path = ZZFDGoodDetailViewController.m; sourceTree = "<group>"; };
		C27E9F421FCE609C0062C896 /* ZZFDGoodDetailViewController.h */ = {isa = PBXFileReference; fileEncoding = 4; lastKnownFileType = sourcecode.c.h; path = ZZFDGoodDetailViewController.h; sourceTree = "<group>"; };
		C27E9F441FCE609C0062C896 /* ZZFDGoodListViewController.h */ = {isa = PBXFileReference; fileEncoding = 4; lastKnownFileType = sourcecode.c.h; path = ZZFDGoodListViewController.h; sourceTree = "<group>"; };
		C27E9F461FCE609C0062C896 /* ZZFDGoodListModel.h */ = {isa = PBXFileReference; fileEncoding = 4; lastKnownFileType = sourcecode.c.h; path = ZZFDGoodListModel.h; sourceTree = "<group>"; };
		C27E9F471FCE609C0062C896 /* ZZFDGoodListModel.m */ = {isa = PBXFileReference; fileEncoding = 4; lastKnownFileType = sourcecode.c.objc; path = ZZFDGoodListModel.m; sourceTree = "<group>"; };
		C27E9F481FCE609C0062C896 /* ZZFDGoodListViewController.m */ = {isa = PBXFileReference; fileEncoding = 4; lastKnownFileType = sourcecode.c.objc; path = ZZFDGoodListViewController.m; sourceTree = "<group>"; };
		C27E9F4A1FCE609C0062C896 /* ZZFDGoodListCell.h */ = {isa = PBXFileReference; fileEncoding = 4; lastKnownFileType = sourcecode.c.h; path = ZZFDGoodListCell.h; sourceTree = "<group>"; };
		C27E9F4B1FCE609C0062C896 /* ZZFDGoodListCell.m */ = {isa = PBXFileReference; fileEncoding = 4; lastKnownFileType = sourcecode.c.objc; path = ZZFDGoodListCell.m; sourceTree = "<group>"; };
		C27E9F511FCE60E70062C896 /* TLMineViewController.h */ = {isa = PBXFileReference; fileEncoding = 4; lastKnownFileType = sourcecode.c.h; path = TLMineViewController.h; sourceTree = "<group>"; };
		C27E9F521FCE60E70062C896 /* TLMineViewController.m */ = {isa = PBXFileReference; fileEncoding = 4; lastKnownFileType = sourcecode.c.objc; path = TLMineViewController.m; sourceTree = "<group>"; };
		C27E9F561FCE60E70062C896 /* TLMineHeaderCell.m */ = {isa = PBXFileReference; fileEncoding = 4; lastKnownFileType = sourcecode.c.objc; path = TLMineHeaderCell.m; sourceTree = "<group>"; };
		C27E9F571FCE60E70062C896 /* TLMineHeaderCell.h */ = {isa = PBXFileReference; fileEncoding = 4; lastKnownFileType = sourcecode.c.h; path = TLMineHeaderCell.h; sourceTree = "<group>"; };
		C27E9F631FCE61580062C896 /* TLMenuItem.h */ = {isa = PBXFileReference; fileEncoding = 4; lastKnownFileType = sourcecode.c.h; path = TLMenuItem.h; sourceTree = "<group>"; };
		C27E9F641FCE61580062C896 /* TLMenuItem.m */ = {isa = PBXFileReference; fileEncoding = 4; lastKnownFileType = sourcecode.c.objc; path = TLMenuItem.m; sourceTree = "<group>"; };
		C27E9F661FCE615F0062C896 /* TLMenuItemCell.h */ = {isa = PBXFileReference; fileEncoding = 4; lastKnownFileType = sourcecode.c.h; path = TLMenuItemCell.h; sourceTree = "<group>"; };
		C27E9F671FCE615F0062C896 /* TLMenuItemCell.m */ = {isa = PBXFileReference; fileEncoding = 4; lastKnownFileType = sourcecode.c.objc; path = TLMenuItemCell.m; sourceTree = "<group>"; };
		C27E9F691FCE61840062C896 /* TLUser.m */ = {isa = PBXFileReference; fileEncoding = 4; lastKnownFileType = sourcecode.c.objc; path = TLUser.m; sourceTree = "<group>"; };
		C27E9F6A1FCE61840062C896 /* TLUser.h */ = {isa = PBXFileReference; fileEncoding = 4; lastKnownFileType = sourcecode.c.h; path = TLUser.h; sourceTree = "<group>"; };
		C27E9F6C1FCE61DF0062C896 /* TLBadge.h */ = {isa = PBXFileReference; fileEncoding = 4; lastKnownFileType = sourcecode.c.h; path = TLBadge.h; sourceTree = "<group>"; };
		C27E9F6D1FCE61DF0062C896 /* TLBadge.m */ = {isa = PBXFileReference; fileEncoding = 4; lastKnownFileType = sourcecode.c.objc; path = TLBadge.m; sourceTree = "<group>"; };
		C27E9F701FCE63B40062C896 /* UIColor+ZZFD.h */ = {isa = PBXFileReference; lastKnownFileType = sourcecode.c.h; path = "UIColor+ZZFD.h"; sourceTree = "<group>"; };
		C27E9F711FCE63B40062C896 /* UIColor+ZZFD.m */ = {isa = PBXFileReference; lastKnownFileType = sourcecode.c.objc; path = "UIColor+ZZFD.m"; sourceTree = "<group>"; };
		C27E9F741FCE64C20062C896 /* Mine.xcassets */ = {isa = PBXFileReference; lastKnownFileType = folder.assetcatalog; path = Mine.xcassets; sourceTree = "<group>"; };
		C27E9F771FCE84E40062C896 /* ZZGood.xcassets */ = {isa = PBXFileReference; lastKnownFileType = folder.assetcatalog; path = ZZGood.xcassets; sourceTree = "<group>"; };
		C2863A8D1FCCFB76008BC3C0 /* ZZFDAppDelegate.h */ = {isa = PBXFileReference; fileEncoding = 4; lastKnownFileType = sourcecode.c.h; path = ZZFDAppDelegate.h; sourceTree = "<group>"; };
		C2863A8E1FCCFB76008BC3C0 /* Assets.xcassets */ = {isa = PBXFileReference; lastKnownFileType = folder.assetcatalog; path = Assets.xcassets; sourceTree = "<group>"; };
		C2863A8F1FCCFB76008BC3C0 /* main.m */ = {isa = PBXFileReference; fileEncoding = 4; lastKnownFileType = sourcecode.c.objc; path = main.m; sourceTree = "<group>"; };
		C2863A901FCCFB76008BC3C0 /* ZZFDAppDelegate.m */ = {isa = PBXFileReference; fileEncoding = 4; lastKnownFileType = sourcecode.c.objc; path = ZZFDAppDelegate.m; sourceTree = "<group>"; };
		C2863A9A1FCCFBA7008BC3C0 /* Base */ = {isa = PBXFileReference; lastKnownFileType = file.storyboard; name = Base; path = Base.lproj/LaunchScreen.storyboard; sourceTree = "<group>"; };
		C2863A9C1FCCFD52008BC3C0 /* ZZFDMainViewController.h */ = {isa = PBXFileReference; lastKnownFileType = sourcecode.c.h; path = ZZFDMainViewController.h; sourceTree = "<group>"; };
		C2863A9D1FCCFD52008BC3C0 /* ZZFDMainViewController.m */ = {isa = PBXFileReference; lastKnownFileType = sourcecode.c.objc; path = ZZFDMainViewController.m; sourceTree = "<group>"; };
		C2863A9F1FCCFEAA008BC3C0 /* ZZFlexibleLayoutEmptyHeaderFooterView.m */ = {isa = PBXFileReference; fileEncoding = 4; lastKnownFileType = sourcecode.c.objc; path = ZZFlexibleLayoutEmptyHeaderFooterView.m; sourceTree = "<group>"; };
		C2863AA01FCCFEAA008BC3C0 /* ZZFlexibleLayoutEmptyHeaderFooterView.h */ = {isa = PBXFileReference; fileEncoding = 4; lastKnownFileType = sourcecode.c.h; path = ZZFlexibleLayoutEmptyHeaderFooterView.h; sourceTree = "<group>"; };
		C2863AA21FCD0056008BC3C0 /* ZZFDPrefixHeader.pch */ = {isa = PBXFileReference; lastKnownFileType = sourcecode.c.h; path = ZZFDPrefixHeader.pch; sourceTree = "<group>"; };
		C2863AA41FCD022B008BC3C0 /* ZZFDMainMenuCell.h */ = {isa = PBXFileReference; lastKnownFileType = sourcecode.c.h; path = ZZFDMainMenuCell.h; sourceTree = "<group>"; };
		C2863AA51FCD022B008BC3C0 /* ZZFDMainMenuCell.m */ = {isa = PBXFileReference; lastKnownFileType = sourcecode.c.objc; path = ZZFDMainMenuCell.m; sourceTree = "<group>"; };
		C2863AA71FCD0B9D008BC3C0 /* ZZFDMainIntroduceHeader.h */ = {isa = PBXFileReference; lastKnownFileType = sourcecode.c.h; path = ZZFDMainIntroduceHeader.h; sourceTree = "<group>"; };
		C2863AA81FCD0B9D008BC3C0 /* ZZFDMainIntroduceHeader.m */ = {isa = PBXFileReference; lastKnownFileType = sourcecode.c.objc; path = ZZFDMainIntroduceHeader.m; sourceTree = "<group>"; };
		C2863AAA1FCD7436008BC3C0 /* ZZFDADCell.h */ = {isa = PBXFileReference; lastKnownFileType = sourcecode.c.h; path = ZZFDADCell.h; sourceTree = "<group>"; };
		C2863AAB1FCD7436008BC3C0 /* ZZFDADCell.m */ = {isa = PBXFileReference; lastKnownFileType = sourcecode.c.objc; path = ZZFDADCell.m; sourceTree = "<group>"; };
		C2863AB11FCD830E008BC3C0 /* ZZFDMainTitles.h */ = {isa = PBXFileReference; lastKnownFileType = sourcecode.c.h; path = ZZFDMainTitles.h; sourceTree = "<group>"; };
		C2D788DD1FCC396D00778993 /* ZZFLEXDemo.app */ = {isa = PBXFileReference; explicitFileType = wrapper.application; includeInIndex = 0; path = ZZFLEXDemo.app; sourceTree = BUILT_PRODUCTS_DIR; };
		C2D788EE1FCC396D00778993 /* Info.plist */ = {isa = PBXFileReference; lastKnownFileType = text.plist.xml; path = Info.plist; sourceTree = "<group>"; };
		C2F8C8391FDE6A1E0007B564 /* ZZFlexibleLayoutViewController+OldAPI.h */ = {isa = PBXFileReference; fileEncoding = 4; lastKnownFileType = sourcecode.c.h; path = "ZZFlexibleLayoutViewController+OldAPI.h"; sourceTree = "<group>"; };
		C2F8C83A1FDE6A1E0007B564 /* ZZFlexibleLayoutViewController+OldAPI.m */ = {isa = PBXFileReference; fileEncoding = 4; lastKnownFileType = sourcecode.c.objc; path = "ZZFlexibleLayoutViewController+OldAPI.m"; sourceTree = "<group>"; };
/* End PBXFileReference section */

/* Begin PBXFrameworksBuildPhase section */
		C2D788DA1FCC396D00778993 /* Frameworks */ = {
			isa = PBXFrameworksBuildPhase;
			buildActionMask = 2147483647;
			files = (
				C4CA8820EC31BF20D47A333A /* libPods-ZZFLEXDemo.a in Frameworks */,
			);
			runOnlyForDeploymentPostprocessing = 0;
		};
/* End PBXFrameworksBuildPhase section */

/* Begin PBXGroup section */
		29A0D9B48CDC8EE6E2F2CAB7 /* Pods */ = {
			isa = PBXGroup;
			children = (
				9440C1BF2DD4CF4BDDF729E6 /* Pods-ZZFLEXDemo.debug.xcconfig */,
				90A4ADBAF45856FF582ACE2C /* Pods-ZZFLEXDemo.release.xcconfig */,
			);
			name = Pods;
			sourceTree = "<group>";
		};
		2D6F440DF473BD3A66B3644B /* Frameworks */ = {
			isa = PBXGroup;
			children = (
				6E3B3E00F40C25E980C181EA /* libPods-ZZFLEXDemo.a */,
			);
			name = Frameworks;
			sourceTree = "<group>";
		};
		C2268C611FCC3CFF00C98EA7 /* ZZFlexibleLayoutFramework */ = {
			isa = PBXGroup;
			children = (
				C2268C681FCC3CFF00C98EA7 /* ZZFlexibleLayoutFramework.h */,
				C2268C691FCC3CFF00C98EA7 /* ZZFlexibleLayoutViewController */,
				C2268CC51FCC3F3500C98EA7 /* ZZFlexibleLayoutViewController+EditExtension */,
				C2268CCD1FCC3FDF00C98EA7 /* ZZFLEXRequestQueue */,
				C2268CD41FCC3FF500C98EA7 /* ZZFLEXViewExtension */,
			);
			name = ZZFlexibleLayoutFramework;
			path = ../../ZZFlexibleLayoutFramework;
			sourceTree = "<group>";
		};
		C2268C691FCC3CFF00C98EA7 /* ZZFlexibleLayoutViewController */ = {
			isa = PBXGroup;
			children = (
				C2268C781FCC3CFF00C98EA7 /* Private */,
				C2268C6C1FCC3CFF00C98EA7 /* CommonViews */,
				C2268C711FCC3CFF00C98EA7 /* ChainModels */,
				C2268C6A1FCC3CFF00C98EA7 /* ZZFlexibleLayoutViewProtocol.h */,
				C2268C841FCC3CFF00C98EA7 /* ZZFlexibleLayoutViewController.h */,
				C2268C6B1FCC3CFF00C98EA7 /* ZZFlexibleLayoutViewController.m */,
				C2F8C8391FDE6A1E0007B564 /* ZZFlexibleLayoutViewController+OldAPI.h */,
				C2F8C83A1FDE6A1E0007B564 /* ZZFlexibleLayoutViewController+OldAPI.m */,
			);
			path = ZZFlexibleLayoutViewController;
			sourceTree = "<group>";
		};
		C2268C6C1FCC3CFF00C98EA7 /* CommonViews */ = {
			isa = PBXGroup;
			children = (
				C2863AA01FCCFEAA008BC3C0 /* ZZFlexibleLayoutEmptyHeaderFooterView.h */,
				C2863A9F1FCCFEAA008BC3C0 /* ZZFlexibleLayoutEmptyHeaderFooterView.m */,
				C2268C6D1FCC3CFF00C98EA7 /* ZZFlexibleLayoutSeperatorCell.m */,
				C2268C6E1FCC3CFF00C98EA7 /* ZZFlexibleLayoutSeperatorCell.h */,
			);
			path = CommonViews;
			sourceTree = "<group>";
		};
		C2268C711FCC3CFF00C98EA7 /* ChainModels */ = {
			isa = PBXGroup;
			children = (
				C2268C751FCC3CFF00C98EA7 /* ZZFLEXChainSectionModel.h */,
				C2268C721FCC3CFF00C98EA7 /* ZZFLEXChainSectionModel.m */,
				C2268C731FCC3CFF00C98EA7 /* ZZFLEXChainViewModel.h */,
				C2268C771FCC3CFF00C98EA7 /* ZZFLEXChainViewModel.m */,
				C2268C761FCC3CFF00C98EA7 /* ZZFLEXChainViewArrayModel.h */,
				C2268C741FCC3CFF00C98EA7 /* ZZFLEXChainViewArrayModel.m */,
			);
			path = ChainModels;
			sourceTree = "<group>";
		};
		C2268C781FCC3CFF00C98EA7 /* Private */ = {
			isa = PBXGroup;
			children = (
				C2268CBD1FCC3D7B00C98EA7 /* ZZFLEXMacros.h */,
				C2268C791FCC3CFF00C98EA7 /* ZZFlexibleLayoutSectionModel.h */,
				C2268C7E1FCC3CFF00C98EA7 /* ZZFlexibleLayoutSectionModel.m */,
				C2268C7B1FCC3CFF00C98EA7 /* ZZFlexibleLayoutViewModel.h */,
				C2268C801FCC3CFF00C98EA7 /* ZZFlexibleLayoutViewModel.m */,
				C2268C7A1FCC3CFF00C98EA7 /* ZZFlexibleLayoutFlowLayout.h */,
				C2268C7F1FCC3CFF00C98EA7 /* ZZFlexibleLayoutFlowLayout.m */,
				C2268C7D1FCC3CFF00C98EA7 /* ZZFlexibleLayoutViewController+Kernel.h */,
				C2268C811FCC3CFF00C98EA7 /* ZZFlexibleLayoutViewController+Kernel.m */,
			);
			path = Private;
			sourceTree = "<group>";
		};
		C2268CC51FCC3F3500C98EA7 /* ZZFlexibleLayoutViewController+EditExtension */ = {
			isa = PBXGroup;
			children = (
				C2268CC81FCC3F3500C98EA7 /* ZZFLEXEditModelProtocol.h */,
				C2268CC91FCC3F3500C98EA7 /* ZZFLEXEditModel.h */,
				C2268CC61FCC3F3500C98EA7 /* ZZFLEXEditModel.m */,
				C2268CCA1FCC3F3500C98EA7 /* ZZFlexibleLayoutViewController+EditExtension.h */,
				C2268CC71FCC3F3500C98EA7 /* ZZFlexibleLayoutViewController+EditExtension.m */,
			);
			path = "ZZFlexibleLayoutViewController+EditExtension";
			sourceTree = "<group>";
		};
		C2268CCD1FCC3FDF00C98EA7 /* ZZFLEXRequestQueue */ = {
			isa = PBXGroup;
			children = (
				C2268CD11FCC3FDF00C98EA7 /* ZZFLEXRequestQueue.h */,
				C2268CCF1FCC3FDF00C98EA7 /* ZZFLEXRequestQueue.m */,
				C2268CD01FCC3FDF00C98EA7 /* ZZFLEXRequestModel.h */,
				C2268CCE1FCC3FDF00C98EA7 /* ZZFLEXRequestModel.m */,
			);
			path = ZZFLEXRequestQueue;
			sourceTree = "<group>";
		};
		C2268CD41FCC3FF500C98EA7 /* ZZFLEXViewExtension */ = {
			isa = PBXGroup;
			children = (
				C2268CF71FCC400E00C98EA7 /* Base */,
				C2268CD71FCC3FF500C98EA7 /* ViewsChainModels */,
				C2268CD61FCC3FF500C98EA7 /* UIView+ZZFLEX.h */,
				C2268CD51FCC3FF500C98EA7 /* UIView+ZZFLEX.m */,
			);
			path = ZZFLEXViewExtension;
			sourceTree = "<group>";
		};
		C2268CD71FCC3FF500C98EA7 /* ViewsChainModels */ = {
			isa = PBXGroup;
			children = (
				C2268CE11FCC3FF500C98EA7 /* ZZBaseViewChainModel.h */,
				C2268CEB1FCC3FF500C98EA7 /* ZZBaseViewChainModel.m */,
				C2268CDE1FCC3FF500C98EA7 /* ZZViewChainModel.h */,
				C2268CE51FCC3FF500C98EA7 /* ZZViewChainModel.m */,
				C2268CDC1FCC3FF500C98EA7 /* ZZImageViewChainModel.h */,
				C2268CE71FCC3FF500C98EA7 /* ZZImageViewChainModel.m */,
				C2268CE41FCC3FF500C98EA7 /* ZZLabelChainModel.h */,
				C2268CD91FCC3FF500C98EA7 /* ZZLabelChainModel.m */,
				C2268CDB1FCC3FF500C98EA7 /* ZZControlChainModel.h */,
				C2268CE81FCC3FF500C98EA7 /* ZZControlChainModel.m */,
				C2351DC71FDBC2A400CFDE5B /* ZZTextFieldChainModel.h */,
				C2351DC81FDBC2A400CFDE5B /* ZZTextFieldChainModel.m */,
				C2268CD81FCC3FF500C98EA7 /* ZZButtonChainModel.h */,
				C2268CE31FCC3FF500C98EA7 /* ZZButtonChainModel.m */,
				C2268CE01FCC3FF500C98EA7 /* ZZSwitchChainModel.h */,
				C2268CEA1FCC3FF500C98EA7 /* ZZSwitchChainModel.m */,
				C2268CDD1FCC3FF500C98EA7 /* ZZScrollViewChainModel.h */,
				C2268CE61FCC3FF500C98EA7 /* ZZScrollViewChainModel.m */,
				C2268CE91FCC3FF500C98EA7 /* ZZTableViewChainModel.h */,
				C2268CDF1FCC3FF500C98EA7 /* ZZTableViewChainModel.m */,
				C2268CE21FCC3FF500C98EA7 /* ZZCollectionViewChainModel.h */,
				C2268CDA1FCC3FF500C98EA7 /* ZZCollectionViewChainModel.m */,
			);
			path = ViewsChainModels;
			sourceTree = "<group>";
		};
		C2268CF71FCC400E00C98EA7 /* Base */ = {
			isa = PBXGroup;
			children = (
				C2268CFB1FCC40AE00C98EA7 /* UIControl+ZZEvent.h */,
				C2268CFC1FCC40AE00C98EA7 /* UIControl+ZZEvent.m */,
				C2268CFE1FCC413800C98EA7 /* UIView+ZZFrame.h */,
				C2268CFF1FCC413800C98EA7 /* UIView+ZZFrame.m */,
				C2268D011FCC439A00C98EA7 /* UIButton+ZZExtension.h */,
				C2268D021FCC439A00C98EA7 /* UIButton+ZZExtension.m */,
			);
			path = Base;
			sourceTree = "<group>";
		};
		C27E9F3F1FCE609C0062C896 /* ZZGood */ = {
			isa = PBXGroup;
			children = (
				C27E9F431FCE609C0062C896 /* GoodList */,
				C27E9F401FCE609C0062C896 /* GoodDetail */,
				C27E9F761FCE84DA0062C896 /* Resources */,
			);
			path = ZZGood;
			sourceTree = "<group>";
		};
		C27E9F401FCE609C0062C896 /* GoodDetail */ = {
			isa = PBXGroup;
			children = (
				C27E9F421FCE609C0062C896 /* ZZFDGoodDetailViewController.h */,
				C27E9F411FCE609C0062C896 /* ZZFDGoodDetailViewController.m */,
			);
			path = GoodDetail;
			sourceTree = "<group>";
		};
		C27E9F431FCE609C0062C896 /* GoodList */ = {
			isa = PBXGroup;
			children = (
				C27E9F451FCE609C0062C896 /* Models */,
				C27E9F491FCE609C0062C896 /* Views */,
				C27E9F441FCE609C0062C896 /* ZZFDGoodListViewController.h */,
				C27E9F481FCE609C0062C896 /* ZZFDGoodListViewController.m */,
			);
			path = GoodList;
			sourceTree = "<group>";
		};
		C27E9F451FCE609C0062C896 /* Models */ = {
			isa = PBXGroup;
			children = (
				C27E9F461FCE609C0062C896 /* ZZFDGoodListModel.h */,
				C27E9F471FCE609C0062C896 /* ZZFDGoodListModel.m */,
			);
			path = Models;
			sourceTree = "<group>";
		};
		C27E9F491FCE609C0062C896 /* Views */ = {
			isa = PBXGroup;
			children = (
				C27E9F4A1FCE609C0062C896 /* ZZFDGoodListCell.h */,
				C27E9F4B1FCE609C0062C896 /* ZZFDGoodListCell.m */,
			);
			path = Views;
			sourceTree = "<group>";
		};
		C27E9F4C1FCE609C0062C896 /* WXMine */ = {
			isa = PBXGroup;
			children = (
				C27E9F621FCE61480062C896 /* Models */,
				C27E9F551FCE60E70062C896 /* Views */,
				C27E9F731FCE64C20062C896 /* Resource */,
				C27E9F511FCE60E70062C896 /* TLMineViewController.h */,
				C27E9F521FCE60E70062C896 /* TLMineViewController.m */,
			);
			path = WXMine;
			sourceTree = "<group>";
		};
		C27E9F551FCE60E70062C896 /* Views */ = {
			isa = PBXGroup;
			children = (
				C27E9F6C1FCE61DF0062C896 /* TLBadge.h */,
				C27E9F6D1FCE61DF0062C896 /* TLBadge.m */,
				C27E9F661FCE615F0062C896 /* TLMenuItemCell.h */,
				C27E9F671FCE615F0062C896 /* TLMenuItemCell.m */,
				C27E9F571FCE60E70062C896 /* TLMineHeaderCell.h */,
				C27E9F561FCE60E70062C896 /* TLMineHeaderCell.m */,
			);
			path = Views;
			sourceTree = "<group>";
		};
		C27E9F621FCE61480062C896 /* Models */ = {
			isa = PBXGroup;
			children = (
				C27E9F6A1FCE61840062C896 /* TLUser.h */,
				C27E9F691FCE61840062C896 /* TLUser.m */,
				C27E9F631FCE61580062C896 /* TLMenuItem.h */,
				C27E9F641FCE61580062C896 /* TLMenuItem.m */,
			);
			path = Models;
			sourceTree = "<group>";
		};
		C27E9F6F1FCE63A20062C896 /* Common */ = {
			isa = PBXGroup;
			children = (
				C27E9F701FCE63B40062C896 /* UIColor+ZZFD.h */,
				C27E9F711FCE63B40062C896 /* UIColor+ZZFD.m */,
			);
			path = Common;
			sourceTree = "<group>";
		};
		C27E9F731FCE64C20062C896 /* Resource */ = {
			isa = PBXGroup;
			children = (
				C27E9F741FCE64C20062C896 /* Mine.xcassets */,
			);
			path = Resource;
			sourceTree = "<group>";
		};
		C27E9F761FCE84DA0062C896 /* Resources */ = {
			isa = PBXGroup;
			children = (
				C27E9F771FCE84E40062C896 /* ZZGood.xcassets */,
			);
			path = Resources;
			sourceTree = "<group>";
		};
		C2863A8A1FCCFB33008BC3C0 /* Supporting Files */ = {
			isa = PBXGroup;
			children = (
				C2863AA21FCD0056008BC3C0 /* ZZFDPrefixHeader.pch */,
				C2D788EE1FCC396D00778993 /* Info.plist */,
			);
			name = "Supporting Files";
			sourceTree = "<group>";
		};
		C2863A8B1FCCFB76008BC3C0 /* DemoModules */ = {
			isa = PBXGroup;
			children = (
				C27E9F6F1FCE63A20062C896 /* Common */,
				C2863A8C1FCCFB76008BC3C0 /* Launcher */,
				C2863A911FCCFB76008BC3C0 /* Main */,
				C27E9F4C1FCE609C0062C896 /* WXMine */,
				C27E9F3F1FCE609C0062C896 /* ZZGood */,
			);
			path = DemoModules;
			sourceTree = "<group>";
		};
		C2863A8C1FCCFB76008BC3C0 /* Launcher */ = {
			isa = PBXGroup;
			children = (
				C2863A8F1FCCFB76008BC3C0 /* main.m */,
				C2863A8D1FCCFB76008BC3C0 /* ZZFDAppDelegate.h */,
				C2863A901FCCFB76008BC3C0 /* ZZFDAppDelegate.m */,
				C2863A991FCCFBA7008BC3C0 /* LaunchScreen.storyboard */,
				C2863A8E1FCCFB76008BC3C0 /* Assets.xcassets */,
			);
			path = Launcher;
			sourceTree = "<group>";
		};
		C2863A911FCCFB76008BC3C0 /* Main */ = {
			isa = PBXGroup;
			children = (
				C2863AA31FCD020D008BC3C0 /* Views */,
				C2863AB11FCD830E008BC3C0 /* ZZFDMainTitles.h */,
				C2863A9C1FCCFD52008BC3C0 /* ZZFDMainViewController.h */,
				C2863A9D1FCCFD52008BC3C0 /* ZZFDMainViewController.m */,
			);
			path = Main;
			sourceTree = "<group>";
		};
		C2863AA31FCD020D008BC3C0 /* Views */ = {
			isa = PBXGroup;
			children = (
				C2863AA71FCD0B9D008BC3C0 /* ZZFDMainIntroduceHeader.h */,
				C2863AA81FCD0B9D008BC3C0 /* ZZFDMainIntroduceHeader.m */,
				C2863AA41FCD022B008BC3C0 /* ZZFDMainMenuCell.h */,
				C2863AA51FCD022B008BC3C0 /* ZZFDMainMenuCell.m */,
				C2863AAA1FCD7436008BC3C0 /* ZZFDADCell.h */,
				C2863AAB1FCD7436008BC3C0 /* ZZFDADCell.m */,
			);
			path = Views;
			sourceTree = "<group>";
		};
		C2D788D41FCC396D00778993 = {
			isa = PBXGroup;
			children = (
				C2D788DF1FCC396D00778993 /* ZZFLEXDemo */,
				C2D788DE1FCC396D00778993 /* Products */,
				29A0D9B48CDC8EE6E2F2CAB7 /* Pods */,
				2D6F440DF473BD3A66B3644B /* Frameworks */,
			);
			sourceTree = "<group>";
		};
		C2D788DE1FCC396D00778993 /* Products */ = {
			isa = PBXGroup;
			children = (
				C2D788DD1FCC396D00778993 /* ZZFLEXDemo.app */,
			);
			name = Products;
			sourceTree = "<group>";
		};
		C2D788DF1FCC396D00778993 /* ZZFLEXDemo */ = {
			isa = PBXGroup;
			children = (
				C2268C611FCC3CFF00C98EA7 /* ZZFlexibleLayoutFramework */,
				C2863A8B1FCCFB76008BC3C0 /* DemoModules */,
				C2863A8A1FCCFB33008BC3C0 /* Supporting Files */,
			);
			path = ZZFLEXDemo;
			sourceTree = "<group>";
		};
/* End PBXGroup section */

/* Begin PBXNativeTarget section */
		C2D788DC1FCC396D00778993 /* ZZFLEXDemo */ = {
			isa = PBXNativeTarget;
			buildConfigurationList = C2D788F31FCC396D00778993 /* Build configuration list for PBXNativeTarget "ZZFLEXDemo" */;
			buildPhases = (
				1C3B706C0E4CE23DC45FB713 /* [CP] Check Pods Manifest.lock */,
				C2D788D91FCC396D00778993 /* Sources */,
				C2D788DA1FCC396D00778993 /* Frameworks */,
				C2D788DB1FCC396D00778993 /* Resources */,
				73F6318D69B8196D7F5389BB /* [CP] Embed Pods Frameworks */,
				60A61B1BF6E15E45F6924B69 /* [CP] Copy Pods Resources */,
			);
			buildRules = (
			);
			dependencies = (
			);
			name = ZZFLEXDemo;
			productName = ZZFLEXDemo;
			productReference = C2D788DD1FCC396D00778993 /* ZZFLEXDemo.app */;
			productType = "com.apple.product-type.application";
		};
/* End PBXNativeTarget section */

/* Begin PBXProject section */
		C2D788D51FCC396D00778993 /* Project object */ = {
			isa = PBXProject;
			attributes = {
				CLASSPREFIX = ZZFD;
				LastUpgradeCheck = 0910;
				ORGANIZATIONNAME = "李伯坤";
				TargetAttributes = {
					C2D788DC1FCC396D00778993 = {
						CreatedOnToolsVersion = 9.1;
						ProvisioningStyle = Automatic;
					};
				};
			};
			buildConfigurationList = C2D788D81FCC396D00778993 /* Build configuration list for PBXProject "ZZFLEXDemo" */;
			compatibilityVersion = "Xcode 8.0";
			developmentRegion = en;
			hasScannedForEncodings = 0;
			knownRegions = (
				en,
				Base,
			);
			mainGroup = C2D788D41FCC396D00778993;
			productRefGroup = C2D788DE1FCC396D00778993 /* Products */;
			projectDirPath = "";
			projectRoot = "";
			targets = (
				C2D788DC1FCC396D00778993 /* ZZFLEXDemo */,
			);
		};
/* End PBXProject section */

/* Begin PBXResourcesBuildPhase section */
		C2D788DB1FCC396D00778993 /* Resources */ = {
			isa = PBXResourcesBuildPhase;
			buildActionMask = 2147483647;
			files = (
				C27E9F781FCE84E40062C896 /* ZZGood.xcassets in Resources */,
				C2863A921FCCFB76008BC3C0 /* Assets.xcassets in Resources */,
				C2863A9B1FCCFBA7008BC3C0 /* LaunchScreen.storyboard in Resources */,
				C27E9F751FCE64C20062C896 /* Mine.xcassets in Resources */,
			);
			runOnlyForDeploymentPostprocessing = 0;
		};
/* End PBXResourcesBuildPhase section */

/* Begin PBXShellScriptBuildPhase section */
		1C3B706C0E4CE23DC45FB713 /* [CP] Check Pods Manifest.lock */ = {
			isa = PBXShellScriptBuildPhase;
			buildActionMask = 2147483647;
			files = (
			);
			inputPaths = (
			);
			name = "[CP] Check Pods Manifest.lock";
			outputPaths = (
			);
			runOnlyForDeploymentPostprocessing = 0;
			shellPath = /bin/sh;
			shellScript = "diff \"${PODS_PODFILE_DIR_PATH}/Podfile.lock\" \"${PODS_ROOT}/Manifest.lock\" > /dev/null\nif [ $? != 0 ] ; then\n    # print error to STDERR\n    echo \"error: The sandbox is not in sync with the Podfile.lock. Run 'pod install' or update your CocoaPods installation.\" >&2\n    exit 1\nfi\n";
			showEnvVarsInLog = 0;
		};
		60A61B1BF6E15E45F6924B69 /* [CP] Copy Pods Resources */ = {
			isa = PBXShellScriptBuildPhase;
			buildActionMask = 2147483647;
			files = (
			);
			inputPaths = (
			);
			name = "[CP] Copy Pods Resources";
			outputPaths = (
			);
			runOnlyForDeploymentPostprocessing = 0;
			shellPath = /bin/sh;
			shellScript = "\"${SRCROOT}/Pods/Target Support Files/Pods-ZZFLEXDemo/Pods-ZZFLEXDemo-resources.sh\"\n";
			showEnvVarsInLog = 0;
		};
		73F6318D69B8196D7F5389BB /* [CP] Embed Pods Frameworks */ = {
			isa = PBXShellScriptBuildPhase;
			buildActionMask = 2147483647;
			files = (
			);
			inputPaths = (
			);
			name = "[CP] Embed Pods Frameworks";
			outputPaths = (
			);
			runOnlyForDeploymentPostprocessing = 0;
			shellPath = /bin/sh;
			shellScript = "\"${SRCROOT}/Pods/Target Support Files/Pods-ZZFLEXDemo/Pods-ZZFLEXDemo-frameworks.sh\"\n";
			showEnvVarsInLog = 0;
		};
/* End PBXShellScriptBuildPhase section */

/* Begin PBXSourcesBuildPhase section */
		C2D788D91FCC396D00778993 /* Sources */ = {
			isa = PBXSourcesBuildPhase;
			buildActionMask = 2147483647;
			files = (
				C2268CCB1FCC3F3500C98EA7 /* ZZFLEXEditModel.m in Sources */,
				C2863AA11FCCFEAA008BC3C0 /* ZZFlexibleLayoutEmptyHeaderFooterView.m in Sources */,
				C2268CF41FCC3FF500C98EA7 /* ZZControlChainModel.m in Sources */,
				C2268CF21FCC3FF500C98EA7 /* ZZScrollViewChainModel.m in Sources */,
				C27E9F6E1FCE61DF0062C896 /* TLBadge.m in Sources */,
				C27E9F651FCE61580062C896 /* TLMenuItem.m in Sources */,
				C2863A941FCCFB76008BC3C0 /* ZZFDAppDelegate.m in Sources */,
				C2863AA61FCD022B008BC3C0 /* ZZFDMainMenuCell.m in Sources */,
				C2268CAD1FCC3CFF00C98EA7 /* ZZFlexibleLayoutViewModel.m in Sources */,
				C2268CAE1FCC3CFF00C98EA7 /* ZZFlexibleLayoutViewController+Kernel.m in Sources */,
				C2268CAB1FCC3CFF00C98EA7 /* ZZFlexibleLayoutSectionModel.m in Sources */,
				C27E9F581FCE60E70062C896 /* TLMineViewController.m in Sources */,
				C2863AAC1FCD7436008BC3C0 /* ZZFDADCell.m in Sources */,
				C27E9F501FCE609C0062C896 /* ZZFDGoodListCell.m in Sources */,
				C2268CA91FCC3CFF00C98EA7 /* ZZFLEXChainViewModel.m in Sources */,
				C2268CF61FCC3FF500C98EA7 /* ZZBaseViewChainModel.m in Sources */,
				C2268CF31FCC3FF500C98EA7 /* ZZImageViewChainModel.m in Sources */,
				C27E9F4F1FCE609C0062C896 /* ZZFDGoodListViewController.m in Sources */,
				C2351DC91FDBC2A400CFDE5B /* ZZTextFieldChainModel.m in Sources */,
				C27E9F5A1FCE60E70062C896 /* TLMineHeaderCell.m in Sources */,
				C27E9F721FCE63B40062C896 /* UIColor+ZZFD.m in Sources */,
				C2268CA51FCC3CFF00C98EA7 /* ZZFlexibleLayoutSeperatorCell.m in Sources */,
				C2268CFD1FCC40AE00C98EA7 /* UIControl+ZZEvent.m in Sources */,
				C2268D001FCC413800C98EA7 /* UIView+ZZFrame.m in Sources */,
				C2863A931FCCFB76008BC3C0 /* main.m in Sources */,
				C27E9F681FCE615F0062C896 /* TLMenuItemCell.m in Sources */,
				C2863AA91FCD0B9D008BC3C0 /* ZZFDMainIntroduceHeader.m in Sources */,
				C2268CEC1FCC3FF500C98EA7 /* UIView+ZZFLEX.m in Sources */,
				C2268CD31FCC3FDF00C98EA7 /* ZZFLEXRequestQueue.m in Sources */,
				C2268CCC1FCC3F3500C98EA7 /* ZZFlexibleLayoutViewController+EditExtension.m in Sources */,
				C2268CF11FCC3FF500C98EA7 /* ZZViewChainModel.m in Sources */,
				C2268CEE1FCC3FF500C98EA7 /* ZZCollectionViewChainModel.m in Sources */,
				C2268CEF1FCC3FF500C98EA7 /* ZZTableViewChainModel.m in Sources */,
				C2268D031FCC439A00C98EA7 /* UIButton+ZZExtension.m in Sources */,
				C2268CA71FCC3CFF00C98EA7 /* ZZFLEXChainSectionModel.m in Sources */,
				C27E9F4D1FCE609C0062C896 /* ZZFDGoodDetailViewController.m in Sources */,
				C27E9F6B1FCE61840062C896 /* TLUser.m in Sources */,
				C2268CA81FCC3CFF00C98EA7 /* ZZFLEXChainViewArrayModel.m in Sources */,
				C2268CF51FCC3FF500C98EA7 /* ZZSwitchChainModel.m in Sources */,
				C2268CA41FCC3CFF00C98EA7 /* ZZFlexibleLayoutViewController.m in Sources */,
				C2268CF01FCC3FF500C98EA7 /* ZZButtonChainModel.m in Sources */,
				C2268CED1FCC3FF500C98EA7 /* ZZLabelChainModel.m in Sources */,
				C2863A9E1FCCFD52008BC3C0 /* ZZFDMainViewController.m in Sources */,
				C2268CAC1FCC3CFF00C98EA7 /* ZZFlexibleLayoutFlowLayout.m in Sources */,
				C2268CD21FCC3FDF00C98EA7 /* ZZFLEXRequestModel.m in Sources */,
				C2F8C83B1FDE6A1E0007B564 /* ZZFlexibleLayoutViewController+OldAPI.m in Sources */,
				C27E9F4E1FCE609C0062C896 /* ZZFDGoodListModel.m in Sources */,
			);
			runOnlyForDeploymentPostprocessing = 0;
		};
/* End PBXSourcesBuildPhase section */

/* Begin PBXVariantGroup section */
		C2863A991FCCFBA7008BC3C0 /* LaunchScreen.storyboard */ = {
			isa = PBXVariantGroup;
			children = (
				C2863A9A1FCCFBA7008BC3C0 /* Base */,
			);
			name = LaunchScreen.storyboard;
			sourceTree = "<group>";
		};
/* End PBXVariantGroup section */

/* Begin XCBuildConfiguration section */
		C2D788F11FCC396D00778993 /* Debug */ = {
			isa = XCBuildConfiguration;
			buildSettings = {
				ALWAYS_SEARCH_USER_PATHS = NO;
				CLANG_ANALYZER_NONNULL = YES;
				CLANG_ANALYZER_NUMBER_OBJECT_CONVERSION = YES_AGGRESSIVE;
				CLANG_CXX_LANGUAGE_STANDARD = "gnu++14";
				CLANG_CXX_LIBRARY = "libc++";
				CLANG_ENABLE_MODULES = YES;
				CLANG_ENABLE_OBJC_ARC = YES;
				CLANG_WARN_BLOCK_CAPTURE_AUTORELEASING = YES;
				CLANG_WARN_BOOL_CONVERSION = YES;
				CLANG_WARN_COMMA = YES;
				CLANG_WARN_CONSTANT_CONVERSION = YES;
				CLANG_WARN_DIRECT_OBJC_ISA_USAGE = YES_ERROR;
				CLANG_WARN_DOCUMENTATION_COMMENTS = YES;
				CLANG_WARN_EMPTY_BODY = YES;
				CLANG_WARN_ENUM_CONVERSION = YES;
				CLANG_WARN_INFINITE_RECURSION = YES;
				CLANG_WARN_INT_CONVERSION = YES;
				CLANG_WARN_NON_LITERAL_NULL_CONVERSION = YES;
				CLANG_WARN_OBJC_LITERAL_CONVERSION = YES;
				CLANG_WARN_OBJC_ROOT_CLASS = YES_ERROR;
				CLANG_WARN_RANGE_LOOP_ANALYSIS = YES;
				CLANG_WARN_STRICT_PROTOTYPES = YES;
				CLANG_WARN_SUSPICIOUS_MOVE = YES;
				CLANG_WARN_UNGUARDED_AVAILABILITY = YES_AGGRESSIVE;
				CLANG_WARN_UNREACHABLE_CODE = YES;
				CLANG_WARN__DUPLICATE_METHOD_MATCH = YES;
				CODE_SIGN_IDENTITY = "iPhone Developer";
				COPY_PHASE_STRIP = NO;
				DEBUG_INFORMATION_FORMAT = dwarf;
				ENABLE_STRICT_OBJC_MSGSEND = YES;
				ENABLE_TESTABILITY = YES;
				GCC_C_LANGUAGE_STANDARD = gnu11;
				GCC_DYNAMIC_NO_PIC = NO;
				GCC_NO_COMMON_BLOCKS = YES;
				GCC_OPTIMIZATION_LEVEL = 0;
				GCC_PREPROCESSOR_DEFINITIONS = (
					"DEBUG=1",
					"$(inherited)",
				);
				GCC_WARN_64_TO_32_BIT_CONVERSION = YES;
				GCC_WARN_ABOUT_RETURN_TYPE = YES_ERROR;
				GCC_WARN_UNDECLARED_SELECTOR = YES;
				GCC_WARN_UNINITIALIZED_AUTOS = YES_AGGRESSIVE;
				GCC_WARN_UNUSED_FUNCTION = YES;
				GCC_WARN_UNUSED_VARIABLE = YES;
				IPHONEOS_DEPLOYMENT_TARGET = 11.1;
				MTL_ENABLE_DEBUG_INFO = YES;
				ONLY_ACTIVE_ARCH = YES;
				SDKROOT = iphoneos;
			};
			name = Debug;
		};
		C2D788F21FCC396D00778993 /* Release */ = {
			isa = XCBuildConfiguration;
			buildSettings = {
				ALWAYS_SEARCH_USER_PATHS = NO;
				CLANG_ANALYZER_NONNULL = YES;
				CLANG_ANALYZER_NUMBER_OBJECT_CONVERSION = YES_AGGRESSIVE;
				CLANG_CXX_LANGUAGE_STANDARD = "gnu++14";
				CLANG_CXX_LIBRARY = "libc++";
				CLANG_ENABLE_MODULES = YES;
				CLANG_ENABLE_OBJC_ARC = YES;
				CLANG_WARN_BLOCK_CAPTURE_AUTORELEASING = YES;
				CLANG_WARN_BOOL_CONVERSION = YES;
				CLANG_WARN_COMMA = YES;
				CLANG_WARN_CONSTANT_CONVERSION = YES;
				CLANG_WARN_DIRECT_OBJC_ISA_USAGE = YES_ERROR;
				CLANG_WARN_DOCUMENTATION_COMMENTS = YES;
				CLANG_WARN_EMPTY_BODY = YES;
				CLANG_WARN_ENUM_CONVERSION = YES;
				CLANG_WARN_INFINITE_RECURSION = YES;
				CLANG_WARN_INT_CONVERSION = YES;
				CLANG_WARN_NON_LITERAL_NULL_CONVERSION = YES;
				CLANG_WARN_OBJC_LITERAL_CONVERSION = YES;
				CLANG_WARN_OBJC_ROOT_CLASS = YES_ERROR;
				CLANG_WARN_RANGE_LOOP_ANALYSIS = YES;
				CLANG_WARN_STRICT_PROTOTYPES = YES;
				CLANG_WARN_SUSPICIOUS_MOVE = YES;
				CLANG_WARN_UNGUARDED_AVAILABILITY = YES_AGGRESSIVE;
				CLANG_WARN_UNREACHABLE_CODE = YES;
				CLANG_WARN__DUPLICATE_METHOD_MATCH = YES;
				CODE_SIGN_IDENTITY = "iPhone Developer";
				COPY_PHASE_STRIP = NO;
				DEBUG_INFORMATION_FORMAT = "dwarf-with-dsym";
				ENABLE_NS_ASSERTIONS = NO;
				ENABLE_STRICT_OBJC_MSGSEND = YES;
				GCC_C_LANGUAGE_STANDARD = gnu11;
				GCC_NO_COMMON_BLOCKS = YES;
				GCC_WARN_64_TO_32_BIT_CONVERSION = YES;
				GCC_WARN_ABOUT_RETURN_TYPE = YES_ERROR;
				GCC_WARN_UNDECLARED_SELECTOR = YES;
				GCC_WARN_UNINITIALIZED_AUTOS = YES_AGGRESSIVE;
				GCC_WARN_UNUSED_FUNCTION = YES;
				GCC_WARN_UNUSED_VARIABLE = YES;
				IPHONEOS_DEPLOYMENT_TARGET = 11.1;
				MTL_ENABLE_DEBUG_INFO = NO;
				SDKROOT = iphoneos;
				VALIDATE_PRODUCT = YES;
			};
			name = Release;
		};
		C2D788F41FCC396D00778993 /* Debug */ = {
			isa = XCBuildConfiguration;
			baseConfigurationReference = 9440C1BF2DD4CF4BDDF729E6 /* Pods-ZZFLEXDemo.debug.xcconfig */;
			buildSettings = {
				ASSETCATALOG_COMPILER_APPICON_NAME = AppIcon;
				CODE_SIGN_STYLE = Automatic;
				DEVELOPMENT_TEAM = 8ZE6MPGQ6N;
				GCC_PREFIX_HEADER = "$(SRCROOT)/ZZFLEXDemo/ZZFDPrefixHeader.pch";
				INFOPLIST_FILE = ZZFLEXDemo/Info.plist;
				IPHONEOS_DEPLOYMENT_TARGET = 8.0;
				LD_RUNPATH_SEARCH_PATHS = "$(inherited) @executable_path/Frameworks";
				PRODUCT_BUNDLE_IDENTIFIER = com.lbk.zzflex;
				PRODUCT_NAME = "$(TARGET_NAME)";
				TARGETED_DEVICE_FAMILY = "1,2";
			};
			name = Debug;
		};
		C2D788F51FCC396D00778993 /* Release */ = {
			isa = XCBuildConfiguration;
			baseConfigurationReference = 90A4ADBAF45856FF582ACE2C /* Pods-ZZFLEXDemo.release.xcconfig */;
			buildSettings = {
				ASSETCATALOG_COMPILER_APPICON_NAME = AppIcon;
				CODE_SIGN_STYLE = Automatic;
				DEVELOPMENT_TEAM = 8ZE6MPGQ6N;
				GCC_PREFIX_HEADER = "$(SRCROOT)/ZZFLEXDemo/ZZFDPrefixHeader.pch";
				INFOPLIST_FILE = ZZFLEXDemo/Info.plist;
				IPHONEOS_DEPLOYMENT_TARGET = 8.0;
				LD_RUNPATH_SEARCH_PATHS = "$(inherited) @executable_path/Frameworks";
				PRODUCT_BUNDLE_IDENTIFIER = com.lbk.zzflex;
				PRODUCT_NAME = "$(TARGET_NAME)";
				TARGETED_DEVICE_FAMILY = "1,2";
			};
			name = Release;
		};
/* End XCBuildConfiguration section */

/* Begin XCConfigurationList section */
		C2D788D81FCC396D00778993 /* Build configuration list for PBXProject "ZZFLEXDemo" */ = {
			isa = XCConfigurationList;
			buildConfigurations = (
				C2D788F11FCC396D00778993 /* Debug */,
				C2D788F21FCC396D00778993 /* Release */,
			);
			defaultConfigurationIsVisible = 0;
			defaultConfigurationName = Release;
		};
		C2D788F31FCC396D00778993 /* Build configuration list for PBXNativeTarget "ZZFLEXDemo" */ = {
			isa = XCConfigurationList;
			buildConfigurations = (
				C2D788F41FCC396D00778993 /* Debug */,
				C2D788F51FCC396D00778993 /* Release */,
			);
			defaultConfigurationIsVisible = 0;
			defaultConfigurationName = Release;
		};
/* End XCConfigurationList section */
	};
	rootObject = C2D788D51FCC396D00778993 /* Project object */;
}
