PODS:
  - Masonry (1.1.0)
  - MJRefresh (3.1.15.3)
  - SDWebImage (4.2.3):
    - SDWebImage/Core (= 4.2.3)
  - SDWebImage/Core (4.2.3)
  - SVProgressHUD (2.2.5)
  - TLKit (1.0):
    - TLKit/TLCategories (= 1.0)
    - TLKit/TLComponents (= 1.0)
    - TLKit/TLShortcut (= 1.0)
  - TLKit/TLCategories (1.0):
    - TLKit/TLCategories/Foundation (= 1.0)
    - TLKit/TLCategories/UIKit (= 1.0)
  - TLKit/TLCategories/Foundation (1.0):
    - TLKit/TLCategories/Foundation/NSArray (= 1.0)
    - TLKit/TLCategories/Foundation/NSBundle (= 1.0)
    - TLKit/TLCategories/Foundation/NSData (= 1.0)
    - TLKit/TLCategories/Foundation/NSDate (= 1.0)
    - TLKit/TLCategories/Foundation/NSDictionary (= 1.0)
    - TLKit/TLCategories/Foundation/NSFileManager (= 1.0)
    - TLKit/TLCategories/Foundation/NSMutableArray (= 1.0)
    - TLKit/TLCategories/Foundation/NSMutableDictionary (= 1.0)
    - TLKit/TLCategories/Foundation/NSNotificationCenter (= 1.0)
    - TLKit/TLCategories/Foundation/NSObject (= 1.0)
    - TLKit/TLCategories/Foundation/NSString (= 1.0)
    - TLKit/TLCategories/Foundation/NSTimer (= 1.0)
    - TLKit/TLCategories/Foundation/NSURL (= 1.0)
  - TLKit/TLCategories/Foundation/NSArray (1.0)
  - TLKit/TLCategories/Foundation/NSBundle (1.0)
  - TLKit/TLCategories/Foundation/NSData (1.0)
  - TLKit/TLCategories/Foundation/NSDate (1.0)
  - TLKit/TLCategories/Foundation/NSDictionary (1.0)
  - TLKit/TLCategories/Foundation/NSFileManager (1.0)
  - TLKit/TLCategories/Foundation/NSMutableArray (1.0)
  - TLKit/TLCategories/Foundation/NSMutableDictionary (1.0)
  - TLKit/TLCategories/Foundation/NSNotificationCenter (1.0)
  - TLKit/TLCategories/Foundation/NSObject (1.0)
  - TLKit/TLCategories/Foundation/NSString (1.0):
    - TLKit/TLCategories/Foundation/NSData
  - TLKit/TLCategories/Foundation/NSTimer (1.0)
  - TLKit/TLCategories/Foundation/NSURL (1.0)
  - TLKit/TLCategories/UIKit (1.0):
    - TLKit/TLCategories/UIKit/UIAlertView (= 1.0)
    - TLKit/TLCategories/UIKit/UIBarButtonItem (= 1.0)
    - TLKit/TLCategories/UIKit/UIButton (= 1.0)
    - TLKit/TLCategories/UIKit/UICollectionViewCell (= 1.0)
    - TLKit/TLCategories/UIKit/UIColor (= 1.0)
    - TLKit/TLCategories/UIKit/UIControl (= 1.0)
    - TLKit/TLCategories/UIKit/UIImage (= 1.0)
    - TLKit/TLCategories/UIKit/UINavigationBar (= 1.0)
    - TLKit/TLCategories/UIKit/UINavigationController (= 1.0)
    - TLKit/TLCategories/UIKit/UINavigationItem (= 1.0)
    - TLKit/TLCategories/UIKit/UIScrollView (= 1.0)
    - TLKit/TLCategories/UIKit/UITabBarController (= 1.0)
    - TLKit/TLCategories/UIKit/UITextField (= 1.0)
    - TLKit/TLCategories/UIKit/UITextView (= 1.0)
    - TLKit/TLCategories/UIKit/UIView (= 1.0)
    - TLKit/TLCategories/UIKit/UIViewController (= 1.0)
    - TLKit/TLCategories/UIKit/UIWindow (= 1.0)
  - TLKit/TLCategories/UIKit/UIAlertView (1.0)
  - TLKit/TLCategories/UIKit/UIBarButtonItem (1.0)
  - TLKit/TLCategories/UIKit/UIButton (1.0)
  - TLKit/TLCategories/UIKit/UICollectionViewCell (1.0)
  - TLKit/TLCategories/UIKit/UIColor (1.0)
  - TLKit/TLCategories/UIKit/UIControl (1.0)
  - TLKit/TLCategories/UIKit/UIImage (1.0)
  - TLKit/TLCategories/UIKit/UINavigationBar (1.0)
  - TLKit/TLCategories/UIKit/UINavigationController (1.0)
  - TLKit/TLCategories/UIKit/UINavigationItem (1.0):
    - TLKit/TLCategories/UIKit/UIBarButtonItem
  - TLKit/TLCategories/UIKit/UIScrollView (1.0)
  - TLKit/TLCategories/UIKit/UITabBarController (1.0)
  - TLKit/TLCategories/UIKit/UITextField (1.0)
  - TLKit/TLCategories/UIKit/UITextView (1.0)
  - TLKit/TLCategories/UIKit/UIView (1.0):
    - TLKit/TLCategories/Foundation/NSObject
    - TLKit/TLShortcut
  - TLKit/TLCategories/UIKit/UIViewController (1.0):
    - TLKit/TLCategories/UIKit/UIBarButtonItem
    - TLKit/TLCategories/UIKit/UINavigationController
    - TLKit/TLCategories/UIKit/UIView
  - TLKit/TLCategories/UIKit/UIWindow (1.0)
  - TLKit/TLComponents (1.0):
    - TLKit/TLComponents/TLActionSheet (= 1.0)
    - TLKit/TLComponents/TLAlertView (= 1.0)
    - TLKit/TLComponents/TLToast (= 1.0)
  - TLKit/TLComponents/TLActionSheet (1.0)
  - TLKit/TLComponents/TLAlertView (1.0)
  - TLKit/TLComponents/TLToast (1.0):
    - SVProgressHUD (~> 2.2.5)
  - TLKit/TLShortcut (1.0)
  - "XLPhotoBrowser+CoderXL (1.2.0)":
    - SDWebImage
  - ZZFLEX (1.0):
    - Masonry
    - SDWebImage

DEPENDENCIES:
  - Masonry (~> 1.1.0)
  - MJRefresh (~> 3.1.15)
  - SDWebImage
  - TLKit (from `https://github.com/tbl00c/TLKit.git`)
  - "XLPhotoBrowser+CoderXL (from `https://github.com/tbl00c/XLPhotoBrowser.git`, tag `1.2.1`)"
  - ZZFLEX (from `../`)

SPEC REPOS:
  trunk:
    - Masonry
    - MJRefresh
    - SDWebImage
    - SVProgressHUD

EXTERNAL SOURCES:
  TLKit:
    :git: https://github.com/tbl00c/TLKit.git
  "XLPhotoBrowser+CoderXL":
    :git: https://github.com/tbl00c/XLPhotoBrowser.git
    :tag: 1.2.1
  ZZFLEX:
    :path: "../"

CHECKOUT OPTIONS:
  TLKit:
    :commit: 70ffbc90a3335962d0fefd3f63bb02c374b955da
    :git: https://github.com/tbl00c/TLKit.git
  "XLPhotoBrowser+CoderXL":
    :git: https://github.com/tbl00c/XLPhotoBrowser.git
    :tag: 1.2.1

SPEC CHECKSUMS:
  Masonry: 678fab65091a9290e40e2832a55e7ab731aad201
  MJRefresh: b48380ae2b927b46c4ef000de9adb8dc748e1df7
  SDWebImage: 791bb72962b3492327ddcac4b1880bd1b5458431
  SVProgressHUD: 1428aafac632c1f86f62aa4243ec12008d7a51d6
  TLKit: 75e3c6d703001e1422afafb9a22d84f7cd5bcfb9
  "XLPhotoBrowser+CoderXL": 48f73020942c73ba3c3f44c46f7f2add86a98d00
  ZZFLEX: 4f719420a895e57f2a0b93680be12fe86dee3461

PODFILE CHECKSUM: 751b0bc9bf8d844e1e985ac265f2c97c02c9731e

COCOAPODS: 1.9.1
